// !$*UTF8*$!
{
	archiveVersion = 1;
	classes = {
	};
	objectVersion = 56;
	objects = {

/* Begin PBXBuildFile section */
		539D53BE2BB41417272B2380 /* Pods_ssopa_ssopaUITests.framework in Frameworks */ = {isa = PBXBuildFile; fileRef = 028E58F8B90BAFD7FF25805E /* Pods_ssopa_ssopaUITests.framework */; };
		B902D65B29D99D54009B498A /* getNicknameViewModel.swift in Sources */ = {isa = PBXBuildFile; fileRef = B902D65A29D99D54009B498A /* getNicknameViewModel.swift */; };
		B902D65D29D9A07E009B498A /* profileImage.swift in Sources */ = {isa = PBXBuildFile; fileRef = B902D65C29D9A07E009B498A /* profileImage.swift */; };
		B902D65F29D9AFA8009B498A /* hotBoardView.swift in Sources */ = {isa = PBXBuildFile; fileRef = B902D65E29D9AFA8009B498A /* hotBoardView.swift */; };
		B902D66229D9D40D009B498A /* profileResponse.swift in Sources */ = {isa = PBXBuildFile; fileRef = B902D66129D9D40D009B498A /* profileResponse.swift */; };
		B902D66429D9EF71009B498A /* likeResponse.swift in Sources */ = {isa = PBXBuildFile; fileRef = B902D66329D9EF71009B498A /* likeResponse.swift */; };
		B902D66629DDBD44009B498A /* SettingView.swift in Sources */ = {isa = PBXBuildFile; fileRef = B902D66529DDBD44009B498A /* SettingView.swift */; };
		B902D66829DDC559009B498A /* FullSizeImageView.swift in Sources */ = {isa = PBXBuildFile; fileRef = B902D66729DDC559009B498A /* FullSizeImageView.swift */; };
		B913668B29F1519A006873D7 /* String.swift in Sources */ = {isa = PBXBuildFile; fileRef = B913668A29F1519A006873D7 /* String.swift */; };
		B928713829BA165800B0F4EA /* ssopaApp.swift in Sources */ = {isa = PBXBuildFile; fileRef = B928713729BA165800B0F4EA /* ssopaApp.swift */; };
		B928713A29BA165800B0F4EA /* ContentView.swift in Sources */ = {isa = PBXBuildFile; fileRef = B928713929BA165800B0F4EA /* ContentView.swift */; };
		B928713C29BA165A00B0F4EA /* Assets.xcassets in Resources */ = {isa = PBXBuildFile; fileRef = B928713B29BA165A00B0F4EA /* Assets.xcassets */; };
		B928713F29BA165A00B0F4EA /* Preview Assets.xcassets in Resources */ = {isa = PBXBuildFile; fileRef = B928713E29BA165A00B0F4EA /* Preview Assets.xcassets */; };
		B928714929BA165A00B0F4EA /* ssopaTests.swift in Sources */ = {isa = PBXBuildFile; fileRef = B928714829BA165A00B0F4EA /* ssopaTests.swift */; };
		B928715329BA165A00B0F4EA /* ssopaUITests.swift in Sources */ = {isa = PBXBuildFile; fileRef = B928715229BA165A00B0F4EA /* ssopaUITests.swift */; };
		B928715529BA165A00B0F4EA /* ssopaUITestsLaunchTests.swift in Sources */ = {isa = PBXBuildFile; fileRef = B928715429BA165A00B0F4EA /* ssopaUITestsLaunchTests.swift */; };
		B928716229BA27D700B0F4EA /* CircleImage.swift in Sources */ = {isa = PBXBuildFile; fileRef = B928716129BA27D700B0F4EA /* CircleImage.swift */; };
		B928716429BA313C00B0F4EA /* MapView.swift in Sources */ = {isa = PBXBuildFile; fileRef = B928716329BA313B00B0F4EA /* MapView.swift */; };
		B928E87A29BA3481007408CD /* landmarkData.json in Resources */ = {isa = PBXBuildFile; fileRef = B928E87929BA3481007408CD /* landmarkData.json */; };
		B928E87E29BA34B2007408CD /* Landmark.swift in Sources */ = {isa = PBXBuildFile; fileRef = B928E87D29BA34B2007408CD /* Landmark.swift */; };
		B928E88029BA35E7007408CD /* ModelData.swift in Sources */ = {isa = PBXBuildFile; fileRef = B928E87F29BA35E7007408CD /* ModelData.swift */; };
		B9377D7429BB8C4200F2E3C0 /* PostList.swift in Sources */ = {isa = PBXBuildFile; fileRef = B9377D7329BB8C4200F2E3C0 /* PostList.swift */; };
		B94008A129BB005900ECE9E7 /* Constants.swift in Sources */ = {isa = PBXBuildFile; fileRef = B94008A029BB005900ECE9E7 /* Constants.swift */; };
		B94008A429BB00DB00ECE9E7 /* URLExtensions.swift in Sources */ = {isa = PBXBuildFile; fileRef = B94008A329BB00DB00ECE9E7 /* URLExtensions.swift */; };
		B94008A629BB022900ECE9E7 /* CheckDuplicateEmailResponse.swift in Sources */ = {isa = PBXBuildFile; fileRef = B94008A529BB022900ECE9E7 /* CheckDuplicateEmailResponse.swift */; };
		B94008A829BB052C00ECE9E7 /* Post.swift in Sources */ = {isa = PBXBuildFile; fileRef = B94008A729BB052C00ECE9E7 /* Post.swift */; };
		B94008AD29BB09CF00ECE9E7 /* PostDetailView.swift in Sources */ = {isa = PBXBuildFile; fileRef = B94008AC29BB09CF00ECE9E7 /* PostDetailView.swift */; };
		B94008AF29BB100600ECE9E7 /* CheckDupliatedEmailViewModel.swift in Sources */ = {isa = PBXBuildFile; fileRef = B94008AE29BB100600ECE9E7 /* CheckDupliatedEmailViewModel.swift */; };
		B94008B429BB384B00ECE9E7 /* getNicknameResponse.swift in Sources */ = {isa = PBXBuildFile; fileRef = B94008B329BB384B00ECE9E7 /* getNicknameResponse.swift */; };
		B94271BE29BA472900FF4E9D /* FavoriteButton.swift in Sources */ = {isa = PBXBuildFile; fileRef = B94271BD29BA472900FF4E9D /* FavoriteButton.swift */; };
		B94271C329BA4E8C00FF4E9D /* LoginMain.swift in Sources */ = {isa = PBXBuildFile; fileRef = B94271C229BA4E8C00FF4E9D /* LoginMain.swift */; };
		B94271C529BA50AB00FF4E9D /* LoginButton.swift in Sources */ = {isa = PBXBuildFile; fileRef = B94271C429BA50AB00FF4E9D /* LoginButton.swift */; };
		B94271C929BA557300FF4E9D /* ColorExtension.swift in Sources */ = {isa = PBXBuildFile; fileRef = B94271C829BA557300FF4E9D /* ColorExtension.swift */; };
		B94271CB29BA56EB00FF4E9D /* signupButton.swift in Sources */ = {isa = PBXBuildFile; fileRef = B94271CA29BA56EB00FF4E9D /* signupButton.swift */; };
		B94271CD29BA5F9000FF4E9D /* UserProfile.swift in Sources */ = {isa = PBXBuildFile; fileRef = B94271CC29BA5F9000FF4E9D /* UserProfile.swift */; };
		B94271D229BA611000FF4E9D /* ProfileSummary.swift in Sources */ = {isa = PBXBuildFile; fileRef = B94271D129BA611000FF4E9D /* ProfileSummary.swift */; };
		B94271D529BA633700FF4E9D /* Form.swift in Sources */ = {isa = PBXBuildFile; fileRef = B94271D429BA633700FF4E9D /* Form.swift */; };
		B94271D829BA6DD600FF4E9D /* HTTPClient.swift in Sources */ = {isa = PBXBuildFile; fileRef = B94271D729BA6DD600FF4E9D /* HTTPClient.swift */; };
		B986A3DE29E6EE9500E89AA0 /* profileDetail.swift in Sources */ = {isa = PBXBuildFile; fileRef = B986A3DD29E6EE9500E89AA0 /* profileDetail.swift */; };
		B986A3E029E6F3F300E89AA0 /* ImagePicker.swift in Sources */ = {isa = PBXBuildFile; fileRef = B986A3DF29E6F3F300E89AA0 /* ImagePicker.swift */; };
		B9A904EB29BD6C5600E47E2F /* sendSmsResponse.swift in Sources */ = {isa = PBXBuildFile; fileRef = B9A904EA29BD6C5600E47E2F /* sendSmsResponse.swift */; };
		B9A904ED29BEBFB900E47E2F /* signUpRequest.swift in Sources */ = {isa = PBXBuildFile; fileRef = B9A904EC29BEBFB900E47E2F /* signUpRequest.swift */; };
		B9A904EF29BF332E00E47E2F /* signUpResponse.swift in Sources */ = {isa = PBXBuildFile; fileRef = B9A904EE29BF332E00E47E2F /* signUpResponse.swift */; };
		B9A904F129BF42CF00E47E2F /* loginRequest.swift in Sources */ = {isa = PBXBuildFile; fileRef = B9A904F029BF42CF00E47E2F /* loginRequest.swift */; };
		B9A904F329BF431B00E47E2F /* loginResponse.swift in Sources */ = {isa = PBXBuildFile; fileRef = B9A904F229BF431B00E47E2F /* loginResponse.swift */; };
		B9A904F629BF458D00E47E2F /* KeyChain.swift in Sources */ = {isa = PBXBuildFile; fileRef = B9A904F529BF458D00E47E2F /* KeyChain.swift */; };
		B9A904F829BF60ED00E47E2F /* writePostForm.swift in Sources */ = {isa = PBXBuildFile; fileRef = B9A904F729BF60ED00E47E2F /* writePostForm.swift */; };
		B9ABBEAB29BB78540072F603 /* postData.json in Resources */ = {isa = PBXBuildFile; fileRef = B9ABBEAA29BB78540072F603 /* postData.json */; };
		B9ABBEAD29BB79950072F603 /* PostRow.swift in Sources */ = {isa = PBXBuildFile; fileRef = B9ABBEAC29BB79950072F603 /* PostRow.swift */; };
		B9B6FD0429D55CFC008ABC4C /* refreshTokenRequest.swift in Sources */ = {isa = PBXBuildFile; fileRef = B9B6FD0329D55CFC008ABC4C /* refreshTokenRequest.swift */; };
		B9B6FD0629D564E9008ABC4C /* Date.swift in Sources */ = {isa = PBXBuildFile; fileRef = B9B6FD0529D564E9008ABC4C /* Date.swift */; };
		B9B6FD0929D6D4D9008ABC4C /* OpenChatView.swift in Sources */ = {isa = PBXBuildFile; fileRef = B9B6FD0829D6D4D9008ABC4C /* OpenChatView.swift */; };
		B9B6FD0B29D6D5ED008ABC4C /* chatVm.swift in Sources */ = {isa = PBXBuildFile; fileRef = B9B6FD0A29D6D5ED008ABC4C /* chatVm.swift */; };
		B9B6FD0D29D6D714008ABC4C /* Chat.swift in Sources */ = {isa = PBXBuildFile; fileRef = B9B6FD0C29D6D714008ABC4C /* Chat.swift */; };
		B9B6FD0F29D6DA24008ABC4C /* ChatRow.swift in Sources */ = {isa = PBXBuildFile; fileRef = B9B6FD0E29D6DA24008ABC4C /* ChatRow.swift */; };
		B9B6FD1129D6DC97008ABC4C /* ChatDetailView.swift in Sources */ = {isa = PBXBuildFile; fileRef = B9B6FD1029D6DC97008ABC4C /* ChatDetailView.swift */; };
		B9B6FD1329D6DED0008ABC4C /* ChatMessage.swift in Sources */ = {isa = PBXBuildFile; fileRef = B9B6FD1229D6DED0008ABC4C /* ChatMessage.swift */; };
		B9B6FD1729D6E436008ABC4C /* chatMessageVm.swift in Sources */ = {isa = PBXBuildFile; fileRef = B9B6FD1629D6E436008ABC4C /* chatMessageVm.swift */; };
		B9C62EC129CDFBFC00426747 /* postVm.swift in Sources */ = {isa = PBXBuildFile; fileRef = B9C62EC029CDFBFC00426747 /* postVm.swift */; };
		B9C62EC329CDFF0B00426747 /* freeBoardView.swift in Sources */ = {isa = PBXBuildFile; fileRef = B9C62EC229CDFF0B00426747 /* freeBoardView.swift */; };
		B9C62EC529CEDC7D00426747 /* postRequest.swift in Sources */ = {isa = PBXBuildFile; fileRef = B9C62EC429CEDC7D00426747 /* postRequest.swift */; };
		B9C62EC729CF24EE00426747 /* postResponse.swift in Sources */ = {isa = PBXBuildFile; fileRef = B9C62EC629CF24ED00426747 /* postResponse.swift */; };
		B9E4E08E29EC469C00E36B45 /* AppDelegate.swift in Sources */ = {isa = PBXBuildFile; fileRef = B9E4E08D29EC469C00E36B45 /* AppDelegate.swift */; };
		E3C4032681D086B355937D79 /* Pods_ssopa.framework in Frameworks */ = {isa = PBXBuildFile; fileRef = 275659C94F7E8AB4C98BE74C /* Pods_ssopa.framework */; };
		FC0821BBD518E89523FD7155 /* Pods_ssopaTests.framework in Frameworks */ = {isa = PBXBuildFile; fileRef = 396617EB4B6DAFE74E5FFEEA /* Pods_ssopaTests.framework */; };
/* End PBXBuildFile section */

/* Begin PBXContainerItemProxy section */
		B928714529BA165A00B0F4EA /* PBXContainerItemProxy */ = {
			isa = PBXContainerItemProxy;
			containerPortal = B928712C29BA165800B0F4EA /* Project object */;
			proxyType = 1;
			remoteGlobalIDString = B928713329BA165800B0F4EA;
			remoteInfo = ssopa;
		};
		B928714F29BA165A00B0F4EA /* PBXContainerItemProxy */ = {
			isa = PBXContainerItemProxy;
			containerPortal = B928712C29BA165800B0F4EA /* Project object */;
			proxyType = 1;
			remoteGlobalIDString = B928713329BA165800B0F4EA;
			remoteInfo = ssopa;
		};
/* End PBXContainerItemProxy section */

/* Begin PBXFileReference section */
		028E58F8B90BAFD7FF25805E /* Pods_ssopa_ssopaUITests.framework */ = {isa = PBXFileReference; explicitFileType = wrapper.framework; includeInIndex = 0; path = Pods_ssopa_ssopaUITests.framework; sourceTree = BUILT_PRODUCTS_DIR; };
		164A43F70009C3ED06CBE959 /* Pods-ssopa-ssopaUITests.release.xcconfig */ = {isa = PBXFileReference; includeInIndex = 1; lastKnownFileType = text.xcconfig; name = "Pods-ssopa-ssopaUITests.release.xcconfig"; path = "Target Support Files/Pods-ssopa-ssopaUITests/Pods-ssopa-ssopaUITests.release.xcconfig"; sourceTree = "<group>"; };
		275659C94F7E8AB4C98BE74C /* Pods_ssopa.framework */ = {isa = PBXFileReference; explicitFileType = wrapper.framework; includeInIndex = 0; path = Pods_ssopa.framework; sourceTree = BUILT_PRODUCTS_DIR; };
		396617EB4B6DAFE74E5FFEEA /* Pods_ssopaTests.framework */ = {isa = PBXFileReference; explicitFileType = wrapper.framework; includeInIndex = 0; path = Pods_ssopaTests.framework; sourceTree = BUILT_PRODUCTS_DIR; };
		97F29CFF75BEC86F928D3470 /* Pods-ssopa.release.xcconfig */ = {isa = PBXFileReference; includeInIndex = 1; lastKnownFileType = text.xcconfig; name = "Pods-ssopa.release.xcconfig"; path = "Target Support Files/Pods-ssopa/Pods-ssopa.release.xcconfig"; sourceTree = "<group>"; };
		B902D65A29D99D54009B498A /* getNicknameViewModel.swift */ = {isa = PBXFileReference; fileEncoding = 4; lastKnownFileType = sourcecode.swift; path = getNicknameViewModel.swift; sourceTree = "<group>"; };
		B902D65C29D9A07E009B498A /* profileImage.swift */ = {isa = PBXFileReference; lastKnownFileType = sourcecode.swift; path = profileImage.swift; sourceTree = "<group>"; };
		B902D65E29D9AFA8009B498A /* hotBoardView.swift */ = {isa = PBXFileReference; lastKnownFileType = sourcecode.swift; path = hotBoardView.swift; sourceTree = "<group>"; };
		B902D66129D9D40D009B498A /* profileResponse.swift */ = {isa = PBXFileReference; lastKnownFileType = sourcecode.swift; path = profileResponse.swift; sourceTree = "<group>"; };
		B902D66329D9EF71009B498A /* likeResponse.swift */ = {isa = PBXFileReference; lastKnownFileType = sourcecode.swift; path = likeResponse.swift; sourceTree = "<group>"; };
		B902D66529DDBD44009B498A /* SettingView.swift */ = {isa = PBXFileReference; lastKnownFileType = sourcecode.swift; path = SettingView.swift; sourceTree = "<group>"; };
		B902D66729DDC559009B498A /* FullSizeImageView.swift */ = {isa = PBXFileReference; lastKnownFileType = sourcecode.swift; path = FullSizeImageView.swift; sourceTree = "<group>"; };
		B913668A29F1519A006873D7 /* String.swift */ = {isa = PBXFileReference; lastKnownFileType = sourcecode.swift; path = String.swift; sourceTree = "<group>"; };
		B928713429BA165800B0F4EA /* ssopa.app */ = {isa = PBXFileReference; explicitFileType = wrapper.application; includeInIndex = 0; path = ssopa.app; sourceTree = BUILT_PRODUCTS_DIR; };
		B928713729BA165800B0F4EA /* ssopaApp.swift */ = {isa = PBXFileReference; lastKnownFileType = sourcecode.swift; path = ssopaApp.swift; sourceTree = "<group>"; };
		B928713929BA165800B0F4EA /* ContentView.swift */ = {isa = PBXFileReference; lastKnownFileType = sourcecode.swift; path = ContentView.swift; sourceTree = "<group>"; };
		B928713B29BA165A00B0F4EA /* Assets.xcassets */ = {isa = PBXFileReference; lastKnownFileType = folder.assetcatalog; path = Assets.xcassets; sourceTree = "<group>"; };
		B928713E29BA165A00B0F4EA /* Preview Assets.xcassets */ = {isa = PBXFileReference; lastKnownFileType = folder.assetcatalog; path = "Preview Assets.xcassets"; sourceTree = "<group>"; };
		B928714429BA165A00B0F4EA /* ssopaTests.xctest */ = {isa = PBXFileReference; explicitFileType = wrapper.cfbundle; includeInIndex = 0; path = ssopaTests.xctest; sourceTree = BUILT_PRODUCTS_DIR; };
		B928714829BA165A00B0F4EA /* ssopaTests.swift */ = {isa = PBXFileReference; lastKnownFileType = sourcecode.swift; path = ssopaTests.swift; sourceTree = "<group>"; };
		B928714E29BA165A00B0F4EA /* ssopaUITests.xctest */ = {isa = PBXFileReference; explicitFileType = wrapper.cfbundle; includeInIndex = 0; path = ssopaUITests.xctest; sourceTree = BUILT_PRODUCTS_DIR; };
		B928715229BA165A00B0F4EA /* ssopaUITests.swift */ = {isa = PBXFileReference; lastKnownFileType = sourcecode.swift; path = ssopaUITests.swift; sourceTree = "<group>"; };
		B928715429BA165A00B0F4EA /* ssopaUITestsLaunchTests.swift */ = {isa = PBXFileReference; lastKnownFileType = sourcecode.swift; path = ssopaUITestsLaunchTests.swift; sourceTree = "<group>"; };
		B928716129BA27D700B0F4EA /* CircleImage.swift */ = {isa = PBXFileReference; lastKnownFileType = sourcecode.swift; path = CircleImage.swift; sourceTree = "<group>"; };
		B928716329BA313B00B0F4EA /* MapView.swift */ = {isa = PBXFileReference; lastKnownFileType = sourcecode.swift; path = MapView.swift; sourceTree = "<group>"; };
		B928E87929BA3481007408CD /* landmarkData.json */ = {isa = PBXFileReference; fileEncoding = 4; lastKnownFileType = text.json; path = landmarkData.json; sourceTree = "<group>"; };
		B928E87D29BA34B2007408CD /* Landmark.swift */ = {isa = PBXFileReference; lastKnownFileType = sourcecode.swift; path = Landmark.swift; sourceTree = "<group>"; };
		B928E87F29BA35E7007408CD /* ModelData.swift */ = {isa = PBXFileReference; lastKnownFileType = sourcecode.swift; path = ModelData.swift; sourceTree = "<group>"; };
		B9377D7329BB8C4200F2E3C0 /* PostList.swift */ = {isa = PBXFileReference; lastKnownFileType = sourcecode.swift; path = PostList.swift; sourceTree = "<group>"; };
		B940089F29BAFFF000ECE9E7 /* Info.plist */ = {isa = PBXFileReference; lastKnownFileType = text.plist; path = Info.plist; sourceTree = "<group>"; };
		B94008A029BB005900ECE9E7 /* Constants.swift */ = {isa = PBXFileReference; lastKnownFileType = sourcecode.swift; path = Constants.swift; sourceTree = "<group>"; };
		B94008A329BB00DB00ECE9E7 /* URLExtensions.swift */ = {isa = PBXFileReference; lastKnownFileType = sourcecode.swift; path = URLExtensions.swift; sourceTree = "<group>"; };
		B94008A529BB022900ECE9E7 /* CheckDuplicateEmailResponse.swift */ = {isa = PBXFileReference; lastKnownFileType = sourcecode.swift; path = CheckDuplicateEmailResponse.swift; sourceTree = "<group>"; };
		B94008A729BB052C00ECE9E7 /* Post.swift */ = {isa = PBXFileReference; lastKnownFileType = sourcecode.swift; path = Post.swift; sourceTree = "<group>"; };
		B94008AC29BB09CF00ECE9E7 /* PostDetailView.swift */ = {isa = PBXFileReference; lastKnownFileType = sourcecode.swift; path = PostDetailView.swift; sourceTree = "<group>"; };
		B94008AE29BB100600ECE9E7 /* CheckDupliatedEmailViewModel.swift */ = {isa = PBXFileReference; lastKnownFileType = sourcecode.swift; path = CheckDupliatedEmailViewModel.swift; sourceTree = "<group>"; };
		B94008B329BB384B00ECE9E7 /* getNicknameResponse.swift */ = {isa = PBXFileReference; lastKnownFileType = sourcecode.swift; path = getNicknameResponse.swift; sourceTree = "<group>"; };
		B94271BD29BA472900FF4E9D /* FavoriteButton.swift */ = {isa = PBXFileReference; lastKnownFileType = sourcecode.swift; path = FavoriteButton.swift; sourceTree = "<group>"; };
		B94271C229BA4E8C00FF4E9D /* LoginMain.swift */ = {isa = PBXFileReference; lastKnownFileType = sourcecode.swift; path = LoginMain.swift; sourceTree = "<group>"; };
		B94271C429BA50AB00FF4E9D /* LoginButton.swift */ = {isa = PBXFileReference; lastKnownFileType = sourcecode.swift; path = LoginButton.swift; sourceTree = "<group>"; };
		B94271C829BA557300FF4E9D /* ColorExtension.swift */ = {isa = PBXFileReference; lastKnownFileType = sourcecode.swift; path = ColorExtension.swift; sourceTree = "<group>"; };
		B94271CA29BA56EB00FF4E9D /* signupButton.swift */ = {isa = PBXFileReference; lastKnownFileType = sourcecode.swift; path = signupButton.swift; sourceTree = "<group>"; };
		B94271CC29BA5F9000FF4E9D /* UserProfile.swift */ = {isa = PBXFileReference; lastKnownFileType = sourcecode.swift; path = UserProfile.swift; sourceTree = "<group>"; };
		B94271D129BA611000FF4E9D /* ProfileSummary.swift */ = {isa = PBXFileReference; lastKnownFileType = sourcecode.swift; path = ProfileSummary.swift; sourceTree = "<group>"; };
		B94271D429BA633700FF4E9D /* Form.swift */ = {isa = PBXFileReference; lastKnownFileType = sourcecode.swift; path = Form.swift; sourceTree = "<group>"; };
		B94271D729BA6DD600FF4E9D /* HTTPClient.swift */ = {isa = PBXFileReference; lastKnownFileType = sourcecode.swift; path = HTTPClient.swift; sourceTree = "<group>"; };
		B986A3DD29E6EE9500E89AA0 /* profileDetail.swift */ = {isa = PBXFileReference; lastKnownFileType = sourcecode.swift; path = profileDetail.swift; sourceTree = "<group>"; };
		B986A3DF29E6F3F300E89AA0 /* ImagePicker.swift */ = {isa = PBXFileReference; lastKnownFileType = sourcecode.swift; path = ImagePicker.swift; sourceTree = "<group>"; };
		B9A904EA29BD6C5600E47E2F /* sendSmsResponse.swift */ = {isa = PBXFileReference; lastKnownFileType = sourcecode.swift; path = sendSmsResponse.swift; sourceTree = "<group>"; };
		B9A904EC29BEBFB900E47E2F /* signUpRequest.swift */ = {isa = PBXFileReference; lastKnownFileType = sourcecode.swift; path = signUpRequest.swift; sourceTree = "<group>"; };
		B9A904EE29BF332E00E47E2F /* signUpResponse.swift */ = {isa = PBXFileReference; lastKnownFileType = sourcecode.swift; path = signUpResponse.swift; sourceTree = "<group>"; };
		B9A904F029BF42CF00E47E2F /* loginRequest.swift */ = {isa = PBXFileReference; lastKnownFileType = sourcecode.swift; path = loginRequest.swift; sourceTree = "<group>"; };
		B9A904F229BF431B00E47E2F /* loginResponse.swift */ = {isa = PBXFileReference; lastKnownFileType = sourcecode.swift; path = loginResponse.swift; sourceTree = "<group>"; };
		B9A904F529BF458D00E47E2F /* KeyChain.swift */ = {isa = PBXFileReference; lastKnownFileType = sourcecode.swift; path = KeyChain.swift; sourceTree = "<group>"; };
		B9A904F729BF60ED00E47E2F /* writePostForm.swift */ = {isa = PBXFileReference; lastKnownFileType = sourcecode.swift; path = writePostForm.swift; sourceTree = "<group>"; };
		B9ABBEAA29BB78540072F603 /* postData.json */ = {isa = PBXFileReference; lastKnownFileType = text.json; path = postData.json; sourceTree = "<group>"; };
		B9ABBEAC29BB79950072F603 /* PostRow.swift */ = {isa = PBXFileReference; lastKnownFileType = sourcecode.swift; path = PostRow.swift; sourceTree = "<group>"; };
		B9B6FD0329D55CFC008ABC4C /* refreshTokenRequest.swift */ = {isa = PBXFileReference; lastKnownFileType = sourcecode.swift; path = refreshTokenRequest.swift; sourceTree = "<group>"; };
		B9B6FD0529D564E9008ABC4C /* Date.swift */ = {isa = PBXFileReference; lastKnownFileType = sourcecode.swift; path = Date.swift; sourceTree = "<group>"; };
		B9B6FD0829D6D4D9008ABC4C /* OpenChatView.swift */ = {isa = PBXFileReference; lastKnownFileType = sourcecode.swift; path = OpenChatView.swift; sourceTree = "<group>"; };
		B9B6FD0A29D6D5ED008ABC4C /* chatVm.swift */ = {isa = PBXFileReference; lastKnownFileType = sourcecode.swift; path = chatVm.swift; sourceTree = "<group>"; };
		B9B6FD0C29D6D714008ABC4C /* Chat.swift */ = {isa = PBXFileReference; lastKnownFileType = sourcecode.swift; path = Chat.swift; sourceTree = "<group>"; };
		B9B6FD0E29D6DA24008ABC4C /* ChatRow.swift */ = {isa = PBXFileReference; lastKnownFileType = sourcecode.swift; path = ChatRow.swift; sourceTree = "<group>"; };
		B9B6FD1029D6DC97008ABC4C /* ChatDetailView.swift */ = {isa = PBXFileReference; lastKnownFileType = sourcecode.swift; path = ChatDetailView.swift; sourceTree = "<group>"; };
		B9B6FD1229D6DED0008ABC4C /* ChatMessage.swift */ = {isa = PBXFileReference; lastKnownFileType = sourcecode.swift; path = ChatMessage.swift; sourceTree = "<group>"; };
		B9B6FD1629D6E436008ABC4C /* chatMessageVm.swift */ = {isa = PBXFileReference; lastKnownFileType = sourcecode.swift; path = chatMessageVm.swift; sourceTree = "<group>"; };
		B9C62EC029CDFBFC00426747 /* postVm.swift */ = {isa = PBXFileReference; lastKnownFileType = sourcecode.swift; path = postVm.swift; sourceTree = "<group>"; };
		B9C62EC229CDFF0B00426747 /* freeBoardView.swift */ = {isa = PBXFileReference; lastKnownFileType = sourcecode.swift; path = freeBoardView.swift; sourceTree = "<group>"; };
		B9C62EC429CEDC7D00426747 /* postRequest.swift */ = {isa = PBXFileReference; lastKnownFileType = sourcecode.swift; path = postRequest.swift; sourceTree = "<group>"; };
		B9C62EC629CF24ED00426747 /* postResponse.swift */ = {isa = PBXFileReference; lastKnownFileType = sourcecode.swift; path = postResponse.swift; sourceTree = "<group>"; };
		B9E4E08C29EC335D00E36B45 /* ssopa.entitlements */ = {isa = PBXFileReference; lastKnownFileType = text.plist.entitlements; path = ssopa.entitlements; sourceTree = "<group>"; };
		B9E4E08D29EC469C00E36B45 /* AppDelegate.swift */ = {isa = PBXFileReference; lastKnownFileType = sourcecode.swift; path = AppDelegate.swift; sourceTree = "<group>"; };
		D0039C46D8EB1AD4A700B3A3 /* Pods-ssopa.debug.xcconfig */ = {isa = PBXFileReference; includeInIndex = 1; lastKnownFileType = text.xcconfig; name = "Pods-ssopa.debug.xcconfig"; path = "Target Support Files/Pods-ssopa/Pods-ssopa.debug.xcconfig"; sourceTree = "<group>"; };
		DF29F5086E3F6855F644A13B /* Pods-ssopaTests.release.xcconfig */ = {isa = PBXFileReference; includeInIndex = 1; lastKnownFileType = text.xcconfig; name = "Pods-ssopaTests.release.xcconfig"; path = "Target Support Files/Pods-ssopaTests/Pods-ssopaTests.release.xcconfig"; sourceTree = "<group>"; };
		E079BCF2D26163B07B6D2C37 /* Pods-ssopa-ssopaUITests.debug.xcconfig */ = {isa = PBXFileReference; includeInIndex = 1; lastKnownFileType = text.xcconfig; name = "Pods-ssopa-ssopaUITests.debug.xcconfig"; path = "Target Support Files/Pods-ssopa-ssopaUITests/Pods-ssopa-ssopaUITests.debug.xcconfig"; sourceTree = "<group>"; };
		EF9231388B87DCB783A5BF98 /* Pods-ssopaTests.debug.xcconfig */ = {isa = PBXFileReference; includeInIndex = 1; lastKnownFileType = text.xcconfig; name = "Pods-ssopaTests.debug.xcconfig"; path = "Target Support Files/Pods-ssopaTests/Pods-ssopaTests.debug.xcconfig"; sourceTree = "<group>"; };
/* End PBXFileReference section */

/* Begin PBXFrameworksBuildPhase section */
		B928713129BA165800B0F4EA /* Frameworks */ = {
			isa = PBXFrameworksBuildPhase;
			buildActionMask = 2147483647;
			files = (
				E3C4032681D086B355937D79 /* Pods_ssopa.framework in Frameworks */,
			);
			runOnlyForDeploymentPostprocessing = 0;
		};
		B928714129BA165A00B0F4EA /* Frameworks */ = {
			isa = PBXFrameworksBuildPhase;
			buildActionMask = 2147483647;
			files = (
				FC0821BBD518E89523FD7155 /* Pods_ssopaTests.framework in Frameworks */,
			);
			runOnlyForDeploymentPostprocessing = 0;
		};
		B928714B29BA165A00B0F4EA /* Frameworks */ = {
			isa = PBXFrameworksBuildPhase;
			buildActionMask = 2147483647;
			files = (
				539D53BE2BB41417272B2380 /* Pods_ssopa_ssopaUITests.framework in Frameworks */,
			);
			runOnlyForDeploymentPostprocessing = 0;
		};
/* End PBXFrameworksBuildPhase section */

/* Begin PBXGroup section */
		78D9636AD5C372145E53A07F /* Pods */ = {
			isa = PBXGroup;
			children = (
				D0039C46D8EB1AD4A700B3A3 /* Pods-ssopa.debug.xcconfig */,
				97F29CFF75BEC86F928D3470 /* Pods-ssopa.release.xcconfig */,
				E079BCF2D26163B07B6D2C37 /* Pods-ssopa-ssopaUITests.debug.xcconfig */,
				164A43F70009C3ED06CBE959 /* Pods-ssopa-ssopaUITests.release.xcconfig */,
				EF9231388B87DCB783A5BF98 /* Pods-ssopaTests.debug.xcconfig */,
				DF29F5086E3F6855F644A13B /* Pods-ssopaTests.release.xcconfig */,
			);
			path = Pods;
			sourceTree = "<group>";
		};
		B902D66029D9D3ED009B498A /* Profile */ = {
			isa = PBXGroup;
			children = (
				B902D66129D9D40D009B498A /* profileResponse.swift */,
			);
			path = Profile;
			sourceTree = "<group>";
		};
		B928712B29BA165800B0F4EA = {
			isa = PBXGroup;
			children = (
				B928713629BA165800B0F4EA /* ssopa */,
				B928714729BA165A00B0F4EA /* ssopaTests */,
				B928715129BA165A00B0F4EA /* ssopaUITests */,
				B928713529BA165800B0F4EA /* Products */,
				78D9636AD5C372145E53A07F /* Pods */,
				D84D5A17BBFB6D43266D90A9 /* Frameworks */,
			);
			sourceTree = "<group>";
		};
		B928713529BA165800B0F4EA /* Products */ = {
			isa = PBXGroup;
			children = (
				B928713429BA165800B0F4EA /* ssopa.app */,
				B928714429BA165A00B0F4EA /* ssopaTests.xctest */,
				B928714E29BA165A00B0F4EA /* ssopaUITests.xctest */,
			);
			name = Products;
			sourceTree = "<group>";
		};
		B928713629BA165800B0F4EA /* ssopa */ = {
			isa = PBXGroup;
			children = (
				B9E4E08C29EC335D00E36B45 /* ssopa.entitlements */,
				B928E88229BA3784007408CD /* Model */,
				B9C62EBF29CDFBCE00426747 /* ViewModel */,
				B9A904F429BF458100E47E2F /* Auth */,
				B940089F29BAFFF000ECE9E7 /* Info.plist */,
				B94271D629BA6DBF00FF4E9D /* API */,
				B928E88129BA3777007408CD /* Views */,
				B928E88329BA3790007408CD /* Resources */,
				B928713729BA165800B0F4EA /* ssopaApp.swift */,
				B928713B29BA165A00B0F4EA /* Assets.xcassets */,
				B928713D29BA165A00B0F4EA /* Preview Content */,
				B9E4E08D29EC469C00E36B45 /* AppDelegate.swift */,
			);
			path = ssopa;
			sourceTree = "<group>";
		};
		B928713D29BA165A00B0F4EA /* Preview Content */ = {
			isa = PBXGroup;
			children = (
				B928713E29BA165A00B0F4EA /* Preview Assets.xcassets */,
			);
			path = "Preview Content";
			sourceTree = "<group>";
		};
		B928714729BA165A00B0F4EA /* ssopaTests */ = {
			isa = PBXGroup;
			children = (
				B928714829BA165A00B0F4EA /* ssopaTests.swift */,
			);
			path = ssopaTests;
			sourceTree = "<group>";
		};
		B928715129BA165A00B0F4EA /* ssopaUITests */ = {
			isa = PBXGroup;
			children = (
				B928715229BA165A00B0F4EA /* ssopaUITests.swift */,
				B928715429BA165A00B0F4EA /* ssopaUITestsLaunchTests.swift */,
			);
			path = ssopaUITests;
			sourceTree = "<group>";
		};
		B928E88129BA3777007408CD /* Views */ = {
			isa = PBXGroup;
			children = (
				B9B6FD0729D6D4C2008ABC4C /* Chat */,
				B9377D7529BB91BA00F2E3C0 /* Main */,
				B94008AB29BB09B700ECE9E7 /* Post */,
				B94271D329BA632400FF4E9D /* Signup */,
				B94271CE29BA607B00FF4E9D /* Profile */,
				B94271C129BA4E6B00FF4E9D /* Login */,
				B928713929BA165800B0F4EA /* ContentView.swift */,
				B94271C029BA48C300FF4E9D /* Helpers */,
			);
			path = Views;
			sourceTree = "<group>";
		};
		B928E88229BA3784007408CD /* Model */ = {
			isa = PBXGroup;
			children = (
				B902D66029D9D3ED009B498A /* Profile */,
				B9B6FD1429D6E102008ABC4C /* Chat */,
				B928E87D29BA34B2007408CD /* Landmark.swift */,
				B928E87F29BA35E7007408CD /* ModelData.swift */,
				B94271CC29BA5F9000FF4E9D /* UserProfile.swift */,
				B94008A529BB022900ECE9E7 /* CheckDuplicateEmailResponse.swift */,
				B9B6FD1529D6E11B008ABC4C /* Post */,
				B9C37B0A29D74698006DE7E2 /* Auth */,
				B94008B329BB384B00ECE9E7 /* getNicknameResponse.swift */,
			);
			path = Model;
			sourceTree = "<group>";
		};
		B928E88329BA3790007408CD /* Resources */ = {
			isa = PBXGroup;
			children = (
				B928E87929BA3481007408CD /* landmarkData.json */,
				B9ABBEAA29BB78540072F603 /* postData.json */,
			);
			path = Resources;
			sourceTree = "<group>";
		};
		B9377D7529BB91BA00F2E3C0 /* Main */ = {
			isa = PBXGroup;
			children = (
			);
			path = Main;
			sourceTree = "<group>";
		};
		B94008A229BB00C400ECE9E7 /* Extensions */ = {
			isa = PBXGroup;
			children = (
				B94008A329BB00DB00ECE9E7 /* URLExtensions.swift */,
				B9B6FD0529D564E9008ABC4C /* Date.swift */,
				B913668A29F1519A006873D7 /* String.swift */,
			);
			path = Extensions;
			sourceTree = "<group>";
		};
		B94008AB29BB09B700ECE9E7 /* Post */ = {
			isa = PBXGroup;
			children = (
				B94008AC29BB09CF00ECE9E7 /* PostDetailView.swift */,
				B9ABBEAC29BB79950072F603 /* PostRow.swift */,
				B9377D7329BB8C4200F2E3C0 /* PostList.swift */,
				B9A904F729BF60ED00E47E2F /* writePostForm.swift */,
				B9C62EC229CDFF0B00426747 /* freeBoardView.swift */,
				B902D65E29D9AFA8009B498A /* hotBoardView.swift */,
				B902D66529DDBD44009B498A /* SettingView.swift */,
			);
			path = Post;
			sourceTree = "<group>";
		};
		B94271C029BA48C300FF4E9D /* Helpers */ = {
			isa = PBXGroup;
			children = (
				B928716129BA27D700B0F4EA /* CircleImage.swift */,
				B928716329BA313B00B0F4EA /* MapView.swift */,
				B94271BD29BA472900FF4E9D /* FavoriteButton.swift */,
				B94271C829BA557300FF4E9D /* ColorExtension.swift */,
				B902D66729DDC559009B498A /* FullSizeImageView.swift */,
				B986A3DF29E6F3F300E89AA0 /* ImagePicker.swift */,
			);
			path = Helpers;
			sourceTree = "<group>";
		};
		B94271C129BA4E6B00FF4E9D /* Login */ = {
			isa = PBXGroup;
			children = (
				B94271C229BA4E8C00FF4E9D /* LoginMain.swift */,
				B94271C429BA50AB00FF4E9D /* LoginButton.swift */,
				B94271CA29BA56EB00FF4E9D /* signupButton.swift */,
			);
			path = Login;
			sourceTree = "<group>";
		};
		B94271CE29BA607B00FF4E9D /* Profile */ = {
			isa = PBXGroup;
			children = (
				B94271D129BA611000FF4E9D /* ProfileSummary.swift */,
				B902D65C29D9A07E009B498A /* profileImage.swift */,
				B986A3DD29E6EE9500E89AA0 /* profileDetail.swift */,
			);
			path = Profile;
			sourceTree = "<group>";
		};
		B94271D329BA632400FF4E9D /* Signup */ = {
			isa = PBXGroup;
			children = (
				B94271D429BA633700FF4E9D /* Form.swift */,
			);
			path = Signup;
			sourceTree = "<group>";
		};
		B94271D629BA6DBF00FF4E9D /* API */ = {
			isa = PBXGroup;
			children = (
				B94008A229BB00C400ECE9E7 /* Extensions */,
				B94271D729BA6DD600FF4E9D /* HTTPClient.swift */,
				B94008A029BB005900ECE9E7 /* Constants.swift */,
			);
			path = API;
			sourceTree = "<group>";
		};
		B9A904F429BF458100E47E2F /* Auth */ = {
			isa = PBXGroup;
			children = (
				B9A904F529BF458D00E47E2F /* KeyChain.swift */,
			);
			path = Auth;
			sourceTree = "<group>";
		};
		B9B6FD0729D6D4C2008ABC4C /* Chat */ = {
			isa = PBXGroup;
			children = (
				B9B6FD0829D6D4D9008ABC4C /* OpenChatView.swift */,
				B9B6FD0E29D6DA24008ABC4C /* ChatRow.swift */,
				B9B6FD1029D6DC97008ABC4C /* ChatDetailView.swift */,
			);
			path = Chat;
			sourceTree = "<group>";
		};
		B9B6FD1429D6E102008ABC4C /* Chat */ = {
			isa = PBXGroup;
			children = (
				B9B6FD1229D6DED0008ABC4C /* ChatMessage.swift */,
				B9B6FD0C29D6D714008ABC4C /* Chat.swift */,
			);
			path = Chat;
			sourceTree = "<group>";
		};
		B9B6FD1529D6E11B008ABC4C /* Post */ = {
			isa = PBXGroup;
			children = (
				B94008A729BB052C00ECE9E7 /* Post.swift */,
				B9C62EC429CEDC7D00426747 /* postRequest.swift */,
				B9C62EC629CF24ED00426747 /* postResponse.swift */,
				B902D66329D9EF71009B498A /* likeResponse.swift */,
			);
			path = Post;
			sourceTree = "<group>";
		};
		B9C37B0A29D74698006DE7E2 /* Auth */ = {
			isa = PBXGroup;
			children = (
				B94008AE29BB100600ECE9E7 /* CheckDupliatedEmailViewModel.swift */,
				B9A904EA29BD6C5600E47E2F /* sendSmsResponse.swift */,
				B9A904EC29BEBFB900E47E2F /* signUpRequest.swift */,
				B9A904EE29BF332E00E47E2F /* signUpResponse.swift */,
				B9A904F029BF42CF00E47E2F /* loginRequest.swift */,
				B9A904F229BF431B00E47E2F /* loginResponse.swift */,
				B9B6FD0329D55CFC008ABC4C /* refreshTokenRequest.swift */,
			);
			path = Auth;
			sourceTree = "<group>";
		};
		B9C62EBF29CDFBCE00426747 /* ViewModel */ = {
			isa = PBXGroup;
			children = (
				B902D65A29D99D54009B498A /* getNicknameViewModel.swift */,
				B9C62EC029CDFBFC00426747 /* postVm.swift */,
				B9B6FD0A29D6D5ED008ABC4C /* chatVm.swift */,
				B9B6FD1629D6E436008ABC4C /* chatMessageVm.swift */,
			);
			path = ViewModel;
			sourceTree = "<group>";
		};
		D84D5A17BBFB6D43266D90A9 /* Frameworks */ = {
			isa = PBXGroup;
			children = (
				275659C94F7E8AB4C98BE74C /* Pods_ssopa.framework */,
				028E58F8B90BAFD7FF25805E /* Pods_ssopa_ssopaUITests.framework */,
				396617EB4B6DAFE74E5FFEEA /* Pods_ssopaTests.framework */,
			);
			name = Frameworks;
			sourceTree = "<group>";
		};
/* End PBXGroup section */

/* Begin PBXNativeTarget section */
		B928713329BA165800B0F4EA /* ssopa */ = {
			isa = PBXNativeTarget;
			buildConfigurationList = B928715829BA165A00B0F4EA /* Build configuration list for PBXNativeTarget "ssopa" */;
			buildPhases = (
				35B8257F26DA855E374F50B8 /* [CP] Check Pods Manifest.lock */,
				B928713029BA165800B0F4EA /* Sources */,
				B928713129BA165800B0F4EA /* Frameworks */,
				B928713229BA165800B0F4EA /* Resources */,
			);
			buildRules = (
			);
			dependencies = (
			);
			name = ssopa;
			productName = ssopa;
			productReference = B928713429BA165800B0F4EA /* ssopa.app */;
			productType = "com.apple.product-type.application";
		};
		B928714329BA165A00B0F4EA /* ssopaTests */ = {
			isa = PBXNativeTarget;
			buildConfigurationList = B928715B29BA165A00B0F4EA /* Build configuration list for PBXNativeTarget "ssopaTests" */;
			buildPhases = (
				4BFF806004678796341E3E8C /* [CP] Check Pods Manifest.lock */,
				B928714029BA165A00B0F4EA /* Sources */,
				B928714129BA165A00B0F4EA /* Frameworks */,
				B928714229BA165A00B0F4EA /* Resources */,
			);
			buildRules = (
			);
			dependencies = (
				B928714629BA165A00B0F4EA /* PBXTargetDependency */,
			);
			name = ssopaTests;
			productName = ssopaTests;
			productReference = B928714429BA165A00B0F4EA /* ssopaTests.xctest */;
			productType = "com.apple.product-type.bundle.unit-test";
		};
		B928714D29BA165A00B0F4EA /* ssopaUITests */ = {
			isa = PBXNativeTarget;
			buildConfigurationList = B928715E29BA165A00B0F4EA /* Build configuration list for PBXNativeTarget "ssopaUITests" */;
			buildPhases = (
				E8A7C5CA95DC5B44A8776A41 /* [CP] Check Pods Manifest.lock */,
				B928714A29BA165A00B0F4EA /* Sources */,
				B928714B29BA165A00B0F4EA /* Frameworks */,
				B928714C29BA165A00B0F4EA /* Resources */,
			);
			buildRules = (
			);
			dependencies = (
				B928715029BA165A00B0F4EA /* PBXTargetDependency */,
			);
			name = ssopaUITests;
			productName = ssopaUITests;
			productReference = B928714E29BA165A00B0F4EA /* ssopaUITests.xctest */;
			productType = "com.apple.product-type.bundle.ui-testing";
		};
/* End PBXNativeTarget section */

/* Begin PBXProject section */
		B928712C29BA165800B0F4EA /* Project object */ = {
			isa = PBXProject;
			attributes = {
				BuildIndependentTargetsInParallel = 1;
				LastSwiftUpdateCheck = 1420;
				LastUpgradeCheck = 1420;
				TargetAttributes = {
					B928713329BA165800B0F4EA = {
						CreatedOnToolsVersion = 14.2;
					};
					B928714329BA165A00B0F4EA = {
						CreatedOnToolsVersion = 14.2;
						TestTargetID = B928713329BA165800B0F4EA;
					};
					B928714D29BA165A00B0F4EA = {
						CreatedOnToolsVersion = 14.2;
						TestTargetID = B928713329BA165800B0F4EA;
					};
				};
			};
			buildConfigurationList = B928712F29BA165800B0F4EA /* Build configuration list for PBXProject "ssopa" */;
			compatibilityVersion = "Xcode 14.0";
			developmentRegion = en;
			hasScannedForEncodings = 0;
			knownRegions = (
				en,
				Base,
			);
			mainGroup = B928712B29BA165800B0F4EA;
			productRefGroup = B928713529BA165800B0F4EA /* Products */;
			projectDirPath = "";
			projectRoot = "";
			targets = (
				B928713329BA165800B0F4EA /* ssopa */,
				B928714329BA165A00B0F4EA /* ssopaTests */,
				B928714D29BA165A00B0F4EA /* ssopaUITests */,
			);
		};
/* End PBXProject section */

/* Begin PBXResourcesBuildPhase section */
		B928713229BA165800B0F4EA /* Resources */ = {
			isa = PBXResourcesBuildPhase;
			buildActionMask = 2147483647;
			files = (
				B928713F29BA165A00B0F4EA /* Preview Assets.xcassets in Resources */,
				B9ABBEAB29BB78540072F603 /* postData.json in Resources */,
				B928713C29BA165A00B0F4EA /* Assets.xcassets in Resources */,
				B928E87A29BA3481007408CD /* landmarkData.json in Resources */,
			);
			runOnlyForDeploymentPostprocessing = 0;
		};
		B928714229BA165A00B0F4EA /* Resources */ = {
			isa = PBXResourcesBuildPhase;
			buildActionMask = 2147483647;
			files = (
			);
			runOnlyForDeploymentPostprocessing = 0;
		};
		B928714C29BA165A00B0F4EA /* Resources */ = {
			isa = PBXResourcesBuildPhase;
			buildActionMask = 2147483647;
			files = (
			);
			runOnlyForDeploymentPostprocessing = 0;
		};
/* End PBXResourcesBuildPhase section */

/* Begin PBXShellScriptBuildPhase section */
		35B8257F26DA855E374F50B8 /* [CP] Check Pods Manifest.lock */ = {
			isa = PBXShellScriptBuildPhase;
			buildActionMask = 2147483647;
			files = (
			);
			inputFileListPaths = (
			);
			inputPaths = (
				"${PODS_PODFILE_DIR_PATH}/Podfile.lock",
				"${PODS_ROOT}/Manifest.lock",
			);
			name = "[CP] Check Pods Manifest.lock";
			outputFileListPaths = (
			);
			outputPaths = (
				"$(DERIVED_FILE_DIR)/Pods-ssopa-checkManifestLockResult.txt",
			);
			runOnlyForDeploymentPostprocessing = 0;
			shellPath = /bin/sh;
			shellScript = "diff \"${PODS_PODFILE_DIR_PATH}/Podfile.lock\" \"${PODS_ROOT}/Manifest.lock\" > /dev/null\nif [ $? != 0 ] ; then\n    # print error to STDERR\n    echo \"error: The sandbox is not in sync with the Podfile.lock. Run 'pod install' or update your CocoaPods installation.\" >&2\n    exit 1\nfi\n# This output is used by Xcode 'outputs' to avoid re-running this script phase.\necho \"SUCCESS\" > \"${SCRIPT_OUTPUT_FILE_0}\"\n";
			showEnvVarsInLog = 0;
		};
		4BFF806004678796341E3E8C /* [CP] Check Pods Manifest.lock */ = {
			isa = PBXShellScriptBuildPhase;
			buildActionMask = 2147483647;
			files = (
			);
			inputFileListPaths = (
			);
			inputPaths = (
				"${PODS_PODFILE_DIR_PATH}/Podfile.lock",
				"${PODS_ROOT}/Manifest.lock",
			);
			name = "[CP] Check Pods Manifest.lock";
			outputFileListPaths = (
			);
			outputPaths = (
				"$(DERIVED_FILE_DIR)/Pods-ssopaTests-checkManifestLockResult.txt",
			);
			runOnlyForDeploymentPostprocessing = 0;
			shellPath = /bin/sh;
			shellScript = "diff \"${PODS_PODFILE_DIR_PATH}/Podfile.lock\" \"${PODS_ROOT}/Manifest.lock\" > /dev/null\nif [ $? != 0 ] ; then\n    # print error to STDERR\n    echo \"error: The sandbox is not in sync with the Podfile.lock. Run 'pod install' or update your CocoaPods installation.\" >&2\n    exit 1\nfi\n# This output is used by Xcode 'outputs' to avoid re-running this script phase.\necho \"SUCCESS\" > \"${SCRIPT_OUTPUT_FILE_0}\"\n";
			showEnvVarsInLog = 0;
		};
		E8A7C5CA95DC5B44A8776A41 /* [CP] Check Pods Manifest.lock */ = {
			isa = PBXShellScriptBuildPhase;
			buildActionMask = 2147483647;
			files = (
			);
			inputFileListPaths = (
			);
			inputPaths = (
				"${PODS_PODFILE_DIR_PATH}/Podfile.lock",
				"${PODS_ROOT}/Manifest.lock",
			);
			name = "[CP] Check Pods Manifest.lock";
			outputFileListPaths = (
			);
			outputPaths = (
				"$(DERIVED_FILE_DIR)/Pods-ssopa-ssopaUITests-checkManifestLockResult.txt",
			);
			runOnlyForDeploymentPostprocessing = 0;
			shellPath = /bin/sh;
			shellScript = "diff \"${PODS_PODFILE_DIR_PATH}/Podfile.lock\" \"${PODS_ROOT}/Manifest.lock\" > /dev/null\nif [ $? != 0 ] ; then\n    # print error to STDERR\n    echo \"error: The sandbox is not in sync with the Podfile.lock. Run 'pod install' or update your CocoaPods installation.\" >&2\n    exit 1\nfi\n# This output is used by Xcode 'outputs' to avoid re-running this script phase.\necho \"SUCCESS\" > \"${SCRIPT_OUTPUT_FILE_0}\"\n";
			showEnvVarsInLog = 0;
		};
/* End PBXShellScriptBuildPhase section */

/* Begin PBXSourcesBuildPhase section */
		B928713029BA165800B0F4EA /* Sources */ = {
			isa = PBXSourcesBuildPhase;
			buildActionMask = 2147483647;
			files = (
				B9A904F129BF42CF00E47E2F /* loginRequest.swift in Sources */,
				B9B6FD0F29D6DA24008ABC4C /* ChatRow.swift in Sources */,
				B986A3DE29E6EE9500E89AA0 /* profileDetail.swift in Sources */,
				B9B6FD0929D6D4D9008ABC4C /* OpenChatView.swift in Sources */,
				B9C62EC329CDFF0B00426747 /* freeBoardView.swift in Sources */,
				B928713A29BA165800B0F4EA /* ContentView.swift in Sources */,
				B9A904F829BF60ED00E47E2F /* writePostForm.swift in Sources */,
				B9C62EC729CF24EE00426747 /* postResponse.swift in Sources */,
				B94271D229BA611000FF4E9D /* ProfileSummary.swift in Sources */,
				B9A904F329BF431B00E47E2F /* loginResponse.swift in Sources */,
				B94271C529BA50AB00FF4E9D /* LoginButton.swift in Sources */,
				B94271D529BA633700FF4E9D /* Form.swift in Sources */,
				B913668B29F1519A006873D7 /* String.swift in Sources */,
				B9B6FD0B29D6D5ED008ABC4C /* chatVm.swift in Sources */,
				B9B6FD0629D564E9008ABC4C /* Date.swift in Sources */,
				B94271D829BA6DD600FF4E9D /* HTTPClient.swift in Sources */,
				B94008A629BB022900ECE9E7 /* CheckDuplicateEmailResponse.swift in Sources */,
				B94008B429BB384B00ECE9E7 /* getNicknameResponse.swift in Sources */,
				B902D66229D9D40D009B498A /* profileResponse.swift in Sources */,
				B902D65F29D9AFA8009B498A /* hotBoardView.swift in Sources */,
				B9ABBEAD29BB79950072F603 /* PostRow.swift in Sources */,
				B9B6FD1329D6DED0008ABC4C /* ChatMessage.swift in Sources */,
				B902D65B29D99D54009B498A /* getNicknameViewModel.swift in Sources */,
				B928716429BA313C00B0F4EA /* MapView.swift in Sources */,
				B94008AF29BB100600ECE9E7 /* CheckDupliatedEmailViewModel.swift in Sources */,
				B94008A429BB00DB00ECE9E7 /* URLExtensions.swift in Sources */,
				B902D65D29D9A07E009B498A /* profileImage.swift in Sources */,
				B928713829BA165800B0F4EA /* ssopaApp.swift in Sources */,
				B9C62EC129CDFBFC00426747 /* postVm.swift in Sources */,
				B9B6FD1729D6E436008ABC4C /* chatMessageVm.swift in Sources */,
				B94271BE29BA472900FF4E9D /* FavoriteButton.swift in Sources */,
				B94271C929BA557300FF4E9D /* ColorExtension.swift in Sources */,
				B9B6FD0429D55CFC008ABC4C /* refreshTokenRequest.swift in Sources */,
				B902D66629DDBD44009B498A /* SettingView.swift in Sources */,
				B9A904ED29BEBFB900E47E2F /* signUpRequest.swift in Sources */,
				B94008A829BB052C00ECE9E7 /* Post.swift in Sources */,
				B9B6FD1129D6DC97008ABC4C /* ChatDetailView.swift in Sources */,
				B902D66829DDC559009B498A /* FullSizeImageView.swift in Sources */,
				B9C62EC529CEDC7D00426747 /* postRequest.swift in Sources */,
				B9A904EF29BF332E00E47E2F /* signUpResponse.swift in Sources */,
				B94271CB29BA56EB00FF4E9D /* signupButton.swift in Sources */,
				B928716229BA27D700B0F4EA /* CircleImage.swift in Sources */,
				B928E87E29BA34B2007408CD /* Landmark.swift in Sources */,
				B94008A129BB005900ECE9E7 /* Constants.swift in Sources */,
				B94271CD29BA5F9000FF4E9D /* UserProfile.swift in Sources */,
				B9377D7429BB8C4200F2E3C0 /* PostList.swift in Sources */,
				B94008AD29BB09CF00ECE9E7 /* PostDetailView.swift in Sources */,
				B9B6FD0D29D6D714008ABC4C /* Chat.swift in Sources */,
				B902D66429D9EF71009B498A /* likeResponse.swift in Sources */,
				B9E4E08E29EC469C00E36B45 /* AppDelegate.swift in Sources */,
				B9A904EB29BD6C5600E47E2F /* sendSmsResponse.swift in Sources */,
				B9A904F629BF458D00E47E2F /* KeyChain.swift in Sources */,
				B928E88029BA35E7007408CD /* ModelData.swift in Sources */,
				B986A3E029E6F3F300E89AA0 /* ImagePicker.swift in Sources */,
				B94271C329BA4E8C00FF4E9D /* LoginMain.swift in Sources */,
			);
			runOnlyForDeploymentPostprocessing = 0;
		};
		B928714029BA165A00B0F4EA /* Sources */ = {
			isa = PBXSourcesBuildPhase;
			buildActionMask = 2147483647;
			files = (
				B928714929BA165A00B0F4EA /* ssopaTests.swift in Sources */,
			);
			runOnlyForDeploymentPostprocessing = 0;
		};
		B928714A29BA165A00B0F4EA /* Sources */ = {
			isa = PBXSourcesBuildPhase;
			buildActionMask = 2147483647;
			files = (
				B928715329BA165A00B0F4EA /* ssopaUITests.swift in Sources */,
				B928715529BA165A00B0F4EA /* ssopaUITestsLaunchTests.swift in Sources */,
			);
			runOnlyForDeploymentPostprocessing = 0;
		};
/* End PBXSourcesBuildPhase section */

/* Begin PBXTargetDependency section */
		B928714629BA165A00B0F4EA /* PBXTargetDependency */ = {
			isa = PBXTargetDependency;
			target = B928713329BA165800B0F4EA /* ssopa */;
			targetProxy = B928714529BA165A00B0F4EA /* PBXContainerItemProxy */;
		};
		B928715029BA165A00B0F4EA /* PBXTargetDependency */ = {
			isa = PBXTargetDependency;
			target = B928713329BA165800B0F4EA /* ssopa */;
			targetProxy = B928714F29BA165A00B0F4EA /* PBXContainerItemProxy */;
		};
/* End PBXTargetDependency section */

/* Begin XCBuildConfiguration section */
		B928715629BA165A00B0F4EA /* Debug */ = {
			isa = XCBuildConfiguration;
			buildSettings = {
				ALWAYS_SEARCH_USER_PATHS = NO;
				CLANG_ANALYZER_NONNULL = YES;
				CLANG_ANALYZER_NUMBER_OBJECT_CONVERSION = YES_AGGRESSIVE;
				CLANG_CXX_LANGUAGE_STANDARD = "gnu++20";
				CLANG_ENABLE_MODULES = YES;
				CLANG_ENABLE_OBJC_ARC = YES;
				CLANG_ENABLE_OBJC_WEAK = YES;
				CLANG_WARN_BLOCK_CAPTURE_AUTORELEASING = YES;
				CLANG_WARN_BOOL_CONVERSION = YES;
				CLANG_WARN_COMMA = YES;
				CLANG_WARN_CONSTANT_CONVERSION = YES;
				CLANG_WARN_DEPRECATED_OBJC_IMPLEMENTATIONS = YES;
				CLANG_WARN_DIRECT_OBJC_ISA_USAGE = YES_ERROR;
				CLANG_WARN_DOCUMENTATION_COMMENTS = YES;
				CLANG_WARN_EMPTY_BODY = YES;
				CLANG_WARN_ENUM_CONVERSION = YES;
				CLANG_WARN_INFINITE_RECURSION = YES;
				CLANG_WARN_INT_CONVERSION = YES;
				CLANG_WARN_NON_LITERAL_NULL_CONVERSION = YES;
				CLANG_WARN_OBJC_IMPLICIT_RETAIN_SELF = YES;
				CLANG_WARN_OBJC_LITERAL_CONVERSION = YES;
				CLANG_WARN_OBJC_ROOT_CLASS = YES_ERROR;
				CLANG_WARN_QUOTED_INCLUDE_IN_FRAMEWORK_HEADER = YES;
				CLANG_WARN_RANGE_LOOP_ANALYSIS = YES;
				CLANG_WARN_STRICT_PROTOTYPES = YES;
				CLANG_WARN_SUSPICIOUS_MOVE = YES;
				CLANG_WARN_UNGUARDED_AVAILABILITY = YES_AGGRESSIVE;
				CLANG_WARN_UNREACHABLE_CODE = YES;
				CLANG_WARN__DUPLICATE_METHOD_MATCH = YES;
				COPY_PHASE_STRIP = NO;
				DEBUG_INFORMATION_FORMAT = dwarf;
				ENABLE_STRICT_OBJC_MSGSEND = YES;
				ENABLE_TESTABILITY = YES;
				GCC_C_LANGUAGE_STANDARD = gnu11;
				GCC_DYNAMIC_NO_PIC = NO;
				GCC_NO_COMMON_BLOCKS = YES;
				GCC_OPTIMIZATION_LEVEL = 0;
				GCC_PREPROCESSOR_DEFINITIONS = (
					"DEBUG=1",
					"$(inherited)",
				);
				GCC_WARN_64_TO_32_BIT_CONVERSION = YES;
				GCC_WARN_ABOUT_RETURN_TYPE = YES_ERROR;
				GCC_WARN_UNDECLARED_SELECTOR = YES;
				GCC_WARN_UNINITIALIZED_AUTOS = YES_AGGRESSIVE;
				GCC_WARN_UNUSED_FUNCTION = YES;
				GCC_WARN_UNUSED_VARIABLE = YES;
				IPHONEOS_DEPLOYMENT_TARGET = 16.0;
				MTL_ENABLE_DEBUG_INFO = INCLUDE_SOURCE;
				MTL_FAST_MATH = YES;
				ONLY_ACTIVE_ARCH = YES;
				SDKROOT = iphoneos;
				SWIFT_ACTIVE_COMPILATION_CONDITIONS = DEBUG;
				SWIFT_OPTIMIZATION_LEVEL = "-Onone";
			};
			name = Debug;
		};
		B928715729BA165A00B0F4EA /* Release */ = {
			isa = XCBuildConfiguration;
			buildSettings = {
				ALWAYS_SEARCH_USER_PATHS = NO;
				CLANG_ANALYZER_NONNULL = YES;
				CLANG_ANALYZER_NUMBER_OBJECT_CONVERSION = YES_AGGRESSIVE;
				CLANG_CXX_LANGUAGE_STANDARD = "gnu++20";
				CLANG_ENABLE_MODULES = YES;
				CLANG_ENABLE_OBJC_ARC = YES;
				CLANG_ENABLE_OBJC_WEAK = YES;
				CLANG_WARN_BLOCK_CAPTURE_AUTORELEASING = YES;
				CLANG_WARN_BOOL_CONVERSION = YES;
				CLANG_WARN_COMMA = YES;
				CLANG_WARN_CONSTANT_CONVERSION = YES;
				CLANG_WARN_DEPRECATED_OBJC_IMPLEMENTATIONS = YES;
				CLANG_WARN_DIRECT_OBJC_ISA_USAGE = YES_ERROR;
				CLANG_WARN_DOCUMENTATION_COMMENTS = YES;
				CLANG_WARN_EMPTY_BODY = YES;
				CLANG_WARN_ENUM_CONVERSION = YES;
				CLANG_WARN_INFINITE_RECURSION = YES;
				CLANG_WARN_INT_CONVERSION = YES;
				CLANG_WARN_NON_LITERAL_NULL_CONVERSION = YES;
				CLANG_WARN_OBJC_IMPLICIT_RETAIN_SELF = YES;
				CLANG_WARN_OBJC_LITERAL_CONVERSION = YES;
				CLANG_WARN_OBJC_ROOT_CLASS = YES_ERROR;
				CLANG_WARN_QUOTED_INCLUDE_IN_FRAMEWORK_HEADER = YES;
				CLANG_WARN_RANGE_LOOP_ANALYSIS = YES;
				CLANG_WARN_STRICT_PROTOTYPES = YES;
				CLANG_WARN_SUSPICIOUS_MOVE = YES;
				CLANG_WARN_UNGUARDED_AVAILABILITY = YES_AGGRESSIVE;
				CLANG_WARN_UNREACHABLE_CODE = YES;
				CLANG_WARN__DUPLICATE_METHOD_MATCH = YES;
				COPY_PHASE_STRIP = NO;
				DEBUG_INFORMATION_FORMAT = "dwarf-with-dsym";
				ENABLE_NS_ASSERTIONS = NO;
				ENABLE_STRICT_OBJC_MSGSEND = YES;
				GCC_C_LANGUAGE_STANDARD = gnu11;
				GCC_NO_COMMON_BLOCKS = YES;
				GCC_WARN_64_TO_32_BIT_CONVERSION = YES;
				GCC_WARN_ABOUT_RETURN_TYPE = YES_ERROR;
				GCC_WARN_UNDECLARED_SELECTOR = YES;
				GCC_WARN_UNINITIALIZED_AUTOS = YES_AGGRESSIVE;
				GCC_WARN_UNUSED_FUNCTION = YES;
				GCC_WARN_UNUSED_VARIABLE = YES;
				IPHONEOS_DEPLOYMENT_TARGET = 16.0;
				MTL_ENABLE_DEBUG_INFO = NO;
				MTL_FAST_MATH = YES;
				SDKROOT = iphoneos;
				SWIFT_COMPILATION_MODE = wholemodule;
				SWIFT_OPTIMIZATION_LEVEL = "-O";
				VALIDATE_PRODUCT = YES;
			};
			name = Release;
		};
		B928715929BA165A00B0F4EA /* Debug */ = {
			isa = XCBuildConfiguration;
			baseConfigurationReference = D0039C46D8EB1AD4A700B3A3 /* Pods-ssopa.debug.xcconfig */;
			buildSettings = {
				ASSETCATALOG_COMPILER_APPICON_NAME = AppIcon;
				ASSETCATALOG_COMPILER_GLOBAL_ACCENT_COLOR_NAME = AccentColor;
				ASSETCATALOG_COMPILER_INCLUDE_ALL_APPICON_ASSETS = YES;
				CODE_SIGN_ENTITLEMENTS = ssopa/ssopa.entitlements;
				CODE_SIGN_STYLE = Automatic;
				CURRENT_PROJECT_VERSION = 3;
				DEVELOPMENT_ASSET_PATHS = "\"ssopa/Preview Content\"";
				DEVELOPMENT_TEAM = CFQ4ZSUWR7;
				ENABLE_PREVIEWS = YES;
				GENERATE_INFOPLIST_FILE = YES;
				INFOPLIST_FILE = ssopa/Info.plist;
				INFOPLIST_KEY_CFBundleDisplayName = ssopa;
				INFOPLIST_KEY_LSApplicationCategoryType = "public.app-category.social-networking";
				INFOPLIST_KEY_UIApplicationSceneManifest_Generation = YES;
				INFOPLIST_KEY_UIApplicationSupportsIndirectInputEvents = YES;
				INFOPLIST_KEY_UILaunchScreen_Generation = YES;
				INFOPLIST_KEY_UISupportedInterfaceOrientations = UIInterfaceOrientationPortrait;
				INFOPLIST_KEY_UISupportedInterfaceOrientations_iPad = "UIInterfaceOrientationLandscapeLeft UIInterfaceOrientationLandscapeRight UIInterfaceOrientationPortrait UIInterfaceOrientationPortraitUpsideDown";
				IPHONEOS_DEPLOYMENT_TARGET = 16.0;
				LD_RUNPATH_SEARCH_PATHS = (
					"$(inherited)",
					"@executable_path/Frameworks",
				);
				MARKETING_VERSION = 1.3;
				PRODUCT_BUNDLE_IDENTIFIER = dmz.ssopa;
				PRODUCT_NAME = "$(TARGET_NAME)";
				SWIFT_EMIT_LOC_STRINGS = YES;
				SWIFT_VERSION = 5.0;
				TARGETED_DEVICE_FAMILY = "1,2";
			};
			name = Debug;
		};
		B928715A29BA165A00B0F4EA /* Release */ = {
			isa = XCBuildConfiguration;
			baseConfigurationReference = 97F29CFF75BEC86F928D3470 /* Pods-ssopa.release.xcconfig */;
			buildSettings = {
				ASSETCATALOG_COMPILER_APPICON_NAME = AppIcon;
				ASSETCATALOG_COMPILER_GLOBAL_ACCENT_COLOR_NAME = AccentColor;
				ASSETCATALOG_COMPILER_INCLUDE_ALL_APPICON_ASSETS = YES;
				CODE_SIGN_ENTITLEMENTS = ssopa/ssopa.entitlements;
				CODE_SIGN_STYLE = Automatic;
				CURRENT_PROJECT_VERSION = 3;
				DEVELOPMENT_ASSET_PATHS = "\"ssopa/Preview Content\"";
				DEVELOPMENT_TEAM = CFQ4ZSUWR7;
				ENABLE_PREVIEWS = YES;
				GENERATE_INFOPLIST_FILE = YES;
				INFOPLIST_FILE = ssopa/Info.plist;
				INFOPLIST_KEY_CFBundleDisplayName = ssopa;
				INFOPLIST_KEY_LSApplicationCategoryType = "public.app-category.social-networking";
				INFOPLIST_KEY_UIApplicationSceneManifest_Generation = YES;
				INFOPLIST_KEY_UIApplicationSupportsIndirectInputEvents = YES;
				INFOPLIST_KEY_UILaunchScreen_Generation = YES;
				INFOPLIST_KEY_UISupportedInterfaceOrientations = UIInterfaceOrientationPortrait;
				INFOPLIST_KEY_UISupportedInterfaceOrientations_iPad = "UIInterfaceOrientationLandscapeLeft UIInterfaceOrientationLandscapeRight UIInterfaceOrientationPortrait UIInterfaceOrientationPortraitUpsideDown";
				IPHONEOS_DEPLOYMENT_TARGET = 16.0;
				LD_RUNPATH_SEARCH_PATHS = (
					"$(inherited)",
					"@executable_path/Frameworks",
				);
				MARKETING_VERSION = 1.3;
				PRODUCT_BUNDLE_IDENTIFIER = dmz.ssopa;
				PRODUCT_NAME = "$(TARGET_NAME)";
				SWIFT_EMIT_LOC_STRINGS = YES;
				SWIFT_VERSION = 5.0;
				TARGETED_DEVICE_FAMILY = "1,2";
			};
			name = Release;
		};
		B928715C29BA165A00B0F4EA /* Debug */ = {
			isa = XCBuildConfiguration;
			baseConfigurationReference = EF9231388B87DCB783A5BF98 /* Pods-ssopaTests.debug.xcconfig */;
			buildSettings = {
				ALWAYS_EMBED_SWIFT_STANDARD_LIBRARIES = YES;
				BUNDLE_LOADER = "$(TEST_HOST)";
				CODE_SIGN_STYLE = Automatic;
				CURRENT_PROJECT_VERSION = 1;
				DEVELOPMENT_TEAM = CFQ4ZSUWR7;
				GENERATE_INFOPLIST_FILE = YES;
				IPHONEOS_DEPLOYMENT_TARGET = 16.2;
				MARKETING_VERSION = 1.0;
				PRODUCT_BUNDLE_IDENTIFIER = dmz.ssopaTests;
				PRODUCT_NAME = "$(TARGET_NAME)";
				SWIFT_EMIT_LOC_STRINGS = NO;
				SWIFT_VERSION = 5.0;
				TARGETED_DEVICE_FAMILY = "1,2";
				TEST_HOST = "$(BUILT_PRODUCTS_DIR)/ssopa.app/$(BUNDLE_EXECUTABLE_FOLDER_PATH)/ssopa";
			};
			name = Debug;
		};
		B928715D29BA165A00B0F4EA /* Release */ = {
			isa = XCBuildConfiguration;
			baseConfigurationReference = DF29F5086E3F6855F644A13B /* Pods-ssopaTests.release.xcconfig */;
			buildSettings = {
				ALWAYS_EMBED_SWIFT_STANDARD_LIBRARIES = YES;
				BUNDLE_LOADER = "$(TEST_HOST)";
				CODE_SIGN_STYLE = Automatic;
				CURRENT_PROJECT_VERSION = 1;
				DEVELOPMENT_TEAM = CFQ4ZSUWR7;
				GENERATE_INFOPLIST_FILE = YES;
				IPHONEOS_DEPLOYMENT_TARGET = 16.2;
				MARKETING_VERSION = 1.0;
				PRODUCT_BUNDLE_IDENTIFIER = dmz.ssopaTests;
				PRODUCT_NAME = "$(TARGET_NAME)";
				SWIFT_EMIT_LOC_STRINGS = NO;
				SWIFT_VERSION = 5.0;
				TARGETED_DEVICE_FAMILY = "1,2";
				TEST_HOST = "$(BUILT_PRODUCTS_DIR)/ssopa.app/$(BUNDLE_EXECUTABLE_FOLDER_PATH)/ssopa";
			};
			name = Release;
		};
		B928715F29BA165A00B0F4EA /* Debug */ = {
			isa = XCBuildConfiguration;
			baseConfigurationReference = E079BCF2D26163B07B6D2C37 /* Pods-ssopa-ssopaUITests.debug.xcconfig */;
			buildSettings = {
				ALWAYS_EMBED_SWIFT_STANDARD_LIBRARIES = YES;
				CODE_SIGN_STYLE = Automatic;
				CURRENT_PROJECT_VERSION = 1;
				DEVELOPMENT_TEAM = CFQ4ZSUWR7;
				GENERATE_INFOPLIST_FILE = YES;
				MARKETING_VERSION = 1.0;
				PRODUCT_BUNDLE_IDENTIFIER = dmz.ssopaUITests;
				PRODUCT_NAME = "$(TARGET_NAME)";
				SWIFT_EMIT_LOC_STRINGS = NO;
				SWIFT_VERSION = 5.0;
				TARGETED_DEVICE_FAMILY = "1,2";
				TEST_TARGET_NAME = ssopa;
			};
			name = Debug;
		};
		B928716029BA165A00B0F4EA /* Release */ = {
			isa = XCBuildConfiguration;
			baseConfigurationReference = 164A43F70009C3ED06CBE959 /* Pods-ssopa-ssopaUITests.release.xcconfig */;
			buildSettings = {
				ALWAYS_EMBED_SWIFT_STANDARD_LIBRARIES = YES;
				CODE_SIGN_STYLE = Automatic;
				CURRENT_PROJECT_VERSION = 1;
				DEVELOPMENT_TEAM = CFQ4ZSUWR7;
				GENERATE_INFOPLIST_FILE = YES;
				MARKETING_VERSION = 1.0;
				PRODUCT_BUNDLE_IDENTIFIER = dmz.ssopaUITests;
				PRODUCT_NAME = "$(TARGET_NAME)";
				SWIFT_EMIT_LOC_STRINGS = NO;
				SWIFT_VERSION = 5.0;
				TARGETED_DEVICE_FAMILY = "1,2";
				TEST_TARGET_NAME = ssopa;
			};
			name = Release;
		};
/* End XCBuildConfiguration section */

/* Begin XCConfigurationList section */
		B928712F29BA165800B0F4EA /* Build configuration list for PBXProject "ssopa" */ = {
			isa = XCConfigurationList;
			buildConfigurations = (
				B928715629BA165A00B0F4EA /* Debug */,
				B928715729BA165A00B0F4EA /* Release */,
			);
			defaultConfigurationIsVisible = 0;
			defaultConfigurationName = Release;
		};
		B928715829BA165A00B0F4EA /* Build configuration list for PBXNativeTarget "ssopa" */ = {
			isa = XCConfigurationList;
			buildConfigurations = (
				B928715929BA165A00B0F4EA /* Debug */,
				B928715A29BA165A00B0F4EA /* Release */,
			);
			defaultConfigurationIsVisible = 0;
			defaultConfigurationName = Release;
		};
		B928715B29BA165A00B0F4EA /* Build configuration list for PBXNativeTarget "ssopaTests" */ = {
			isa = XCConfigurationList;
			buildConfigurations = (
				B928715C29BA165A00B0F4EA /* Debug */,
				B928715D29BA165A00B0F4EA /* Release */,
			);
			defaultConfigurationIsVisible = 0;
			defaultConfigurationName = Release;
		};
		B928715E29BA165A00B0F4EA /* Build configuration list for PBXNativeTarget "ssopaUITests" */ = {
			isa = XCConfigurationList;
			buildConfigurations = (
				B928715F29BA165A00B0F4EA /* Debug */,
				B928716029BA165A00B0F4EA /* Release */,
			);
			defaultConfigurationIsVisible = 0;
			defaultConfigurationName = Release;
		};
/* End XCConfigurationList section */
	};
	rootObject = B928712C29BA165800B0F4EA /* Project object */;
}
