// !$*UTF8*$!
{
	archiveVersion = 1;
	classes = {
	};
	objectVersion = 56;
	objects = {

/* Begin PBXBuildFile section */
		B928713829BA165800B0F4EA /* ssopaApp.swift in Sources */ = {isa = PBXBuildFile; fileRef = B928713729BA165800B0F4EA /* ssopaApp.swift */; };
		B928713A29BA165800B0F4EA /* ContentView.swift in Sources */ = {isa = PBXBuildFile; fileRef = B928713929BA165800B0F4EA /* ContentView.swift */; };
		B928713C29BA165A00B0F4EA /* Assets.xcassets in Resources */ = {isa = PBXBuildFile; fileRef = B928713B29BA165A00B0F4EA /* Assets.xcassets */; };
		B928713F29BA165A00B0F4EA /* Preview Assets.xcassets in Resources */ = {isa = PBXBuildFile; fileRef = B928713E29BA165A00B0F4EA /* Preview Assets.xcassets */; };
		B928714929BA165A00B0F4EA /* ssopaTests.swift in Sources */ = {isa = PBXBuildFile; fileRef = B928714829BA165A00B0F4EA /* ssopaTests.swift */; };
		B928715329BA165A00B0F4EA /* ssopaUITests.swift in Sources */ = {isa = PBXBuildFile; fileRef = B928715229BA165A00B0F4EA /* ssopaUITests.swift */; };
		B928715529BA165A00B0F4EA /* ssopaUITestsLaunchTests.swift in Sources */ = {isa = PBXBuildFile; fileRef = B928715429BA165A00B0F4EA /* ssopaUITestsLaunchTests.swift */; };
		B928716229BA27D700B0F4EA /* CircleImage.swift in Sources */ = {isa = PBXBuildFile; fileRef = B928716129BA27D700B0F4EA /* CircleImage.swift */; };
		B928716429BA313C00B0F4EA /* MapView.swift in Sources */ = {isa = PBXBuildFile; fileRef = B928716329BA313B00B0F4EA /* MapView.swift */; };
		B928E87A29BA3481007408CD /* landmarkData.json in Resources */ = {isa = PBXBuildFile; fileRef = B928E87929BA3481007408CD /* landmarkData.json */; };
		B928E87E29BA34B2007408CD /* Landmark.swift in Sources */ = {isa = PBXBuildFile; fileRef = B928E87D29BA34B2007408CD /* Landmark.swift */; };
		B928E88029BA35E7007408CD /* ModelData.swift in Sources */ = {isa = PBXBuildFile; fileRef = B928E87F29BA35E7007408CD /* ModelData.swift */; };
		B9377D7429BB8C4200F2E3C0 /* PostList.swift in Sources */ = {isa = PBXBuildFile; fileRef = B9377D7329BB8C4200F2E3C0 /* PostList.swift */; };
		B94008A129BB005900ECE9E7 /* Constants.swift in Sources */ = {isa = PBXBuildFile; fileRef = B94008A029BB005900ECE9E7 /* Constants.swift */; };
		B94008A429BB00DB00ECE9E7 /* URLExtensions.swift in Sources */ = {isa = PBXBuildFile; fileRef = B94008A329BB00DB00ECE9E7 /* URLExtensions.swift */; };
		B94008A629BB022900ECE9E7 /* CheckDuplicateEmailResponse.swift in Sources */ = {isa = PBXBuildFile; fileRef = B94008A529BB022900ECE9E7 /* CheckDuplicateEmailResponse.swift */; };
		B94008A829BB052C00ECE9E7 /* Post.swift in Sources */ = {isa = PBXBuildFile; fileRef = B94008A729BB052C00ECE9E7 /* Post.swift */; };
		B94008AD29BB09CF00ECE9E7 /* PostDetailView.swift in Sources */ = {isa = PBXBuildFile; fileRef = B94008AC29BB09CF00ECE9E7 /* PostDetailView.swift */; };
		B94008AF29BB100600ECE9E7 /* CheckDupliatedEmailViewModel.swift in Sources */ = {isa = PBXBuildFile; fileRef = B94008AE29BB100600ECE9E7 /* CheckDupliatedEmailViewModel.swift */; };
		B94008B429BB384B00ECE9E7 /* getNicknameResponse.swift in Sources */ = {isa = PBXBuildFile; fileRef = B94008B329BB384B00ECE9E7 /* getNicknameResponse.swift */; };
		B94271BA29BA3AC000FF4E9D /* LandmarkList.swift in Sources */ = {isa = PBXBuildFile; fileRef = B94271B929BA3AC000FF4E9D /* LandmarkList.swift */; };
		B94271BC29BA3BFA00FF4E9D /* LandmarkDetail.swift in Sources */ = {isa = PBXBuildFile; fileRef = B94271BB29BA3BFA00FF4E9D /* LandmarkDetail.swift */; };
		B94271BE29BA472900FF4E9D /* FavoriteButton.swift in Sources */ = {isa = PBXBuildFile; fileRef = B94271BD29BA472900FF4E9D /* FavoriteButton.swift */; };
		B94271C329BA4E8C00FF4E9D /* LoginMain.swift in Sources */ = {isa = PBXBuildFile; fileRef = B94271C229BA4E8C00FF4E9D /* LoginMain.swift */; };
		B94271C529BA50AB00FF4E9D /* LoginButton.swift in Sources */ = {isa = PBXBuildFile; fileRef = B94271C429BA50AB00FF4E9D /* LoginButton.swift */; };
		B94271C929BA557300FF4E9D /* ColorExtension.swift in Sources */ = {isa = PBXBuildFile; fileRef = B94271C829BA557300FF4E9D /* ColorExtension.swift */; };
		B94271CB29BA56EB00FF4E9D /* signupButton.swift in Sources */ = {isa = PBXBuildFile; fileRef = B94271CA29BA56EB00FF4E9D /* signupButton.swift */; };
		B94271CD29BA5F9000FF4E9D /* UserProfile.swift in Sources */ = {isa = PBXBuildFile; fileRef = B94271CC29BA5F9000FF4E9D /* UserProfile.swift */; };
		B94271D029BA608A00FF4E9D /* ProfileHost.swift in Sources */ = {isa = PBXBuildFile; fileRef = B94271CF29BA608A00FF4E9D /* ProfileHost.swift */; };
		B94271D229BA611000FF4E9D /* ProfileSummary.swift in Sources */ = {isa = PBXBuildFile; fileRef = B94271D129BA611000FF4E9D /* ProfileSummary.swift */; };
		B94271D529BA633700FF4E9D /* Form.swift in Sources */ = {isa = PBXBuildFile; fileRef = B94271D429BA633700FF4E9D /* Form.swift */; };
		B94271D829BA6DD600FF4E9D /* HTTPClient.swift in Sources */ = {isa = PBXBuildFile; fileRef = B94271D729BA6DD600FF4E9D /* HTTPClient.swift */; };
		B9A904EB29BD6C5600E47E2F /* sendSmsResponse.swift in Sources */ = {isa = PBXBuildFile; fileRef = B9A904EA29BD6C5600E47E2F /* sendSmsResponse.swift */; };
		B9A904ED29BEBFB900E47E2F /* signUpRequest.swift in Sources */ = {isa = PBXBuildFile; fileRef = B9A904EC29BEBFB900E47E2F /* signUpRequest.swift */; };
		B9A904EF29BF332E00E47E2F /* signUpResponse.swift in Sources */ = {isa = PBXBuildFile; fileRef = B9A904EE29BF332E00E47E2F /* signUpResponse.swift */; };
		B9A904F129BF42CF00E47E2F /* loginRequest.swift in Sources */ = {isa = PBXBuildFile; fileRef = B9A904F029BF42CF00E47E2F /* loginRequest.swift */; };
		B9A904F329BF431B00E47E2F /* loginResponse.swift in Sources */ = {isa = PBXBuildFile; fileRef = B9A904F229BF431B00E47E2F /* loginResponse.swift */; };
		B9A904F629BF458D00E47E2F /* KeyChain.swift in Sources */ = {isa = PBXBuildFile; fileRef = B9A904F529BF458D00E47E2F /* KeyChain.swift */; };
		B9A904F829BF60ED00E47E2F /* writePostForm.swift in Sources */ = {isa = PBXBuildFile; fileRef = B9A904F729BF60ED00E47E2F /* writePostForm.swift */; };
		B9ABBEAB29BB78540072F603 /* postData.json in Resources */ = {isa = PBXBuildFile; fileRef = B9ABBEAA29BB78540072F603 /* postData.json */; };
		B9ABBEAD29BB79950072F603 /* PostRow.swift in Sources */ = {isa = PBXBuildFile; fileRef = B9ABBEAC29BB79950072F603 /* PostRow.swift */; };
		B9E5997F29BA387700B32B5E /* LandmarkRow.swift in Sources */ = {isa = PBXBuildFile; fileRef = B9E5997E29BA387700B32B5E /* LandmarkRow.swift */; };
/* End PBXBuildFile section */

/* Begin PBXContainerItemProxy section */
		B928714529BA165A00B0F4EA /* PBXContainerItemProxy */ = {
			isa = PBXContainerItemProxy;
			containerPortal = B928712C29BA165800B0F4EA /* Project object */;
			proxyType = 1;
			remoteGlobalIDString = B928713329BA165800B0F4EA;
			remoteInfo = ssopa;
		};
		B928714F29BA165A00B0F4EA /* PBXContainerItemProxy */ = {
			isa = PBXContainerItemProxy;
			containerPortal = B928712C29BA165800B0F4EA /* Project object */;
			proxyType = 1;
			remoteGlobalIDString = B928713329BA165800B0F4EA;
			remoteInfo = ssopa;
		};
/* End PBXContainerItemProxy section */

/* Begin PBXFileReference section */
		B928713429BA165800B0F4EA /* ssopa.app */ = {isa = PBXFileReference; explicitFileType = wrapper.application; includeInIndex = 0; path = ssopa.app; sourceTree = BUILT_PRODUCTS_DIR; };
		B928713729BA165800B0F4EA /* ssopaApp.swift */ = {isa = PBXFileReference; lastKnownFileType = sourcecode.swift; path = ssopaApp.swift; sourceTree = "<group>"; };
		B928713929BA165800B0F4EA /* ContentView.swift */ = {isa = PBXFileReference; lastKnownFileType = sourcecode.swift; path = ContentView.swift; sourceTree = "<group>"; };
		B928713B29BA165A00B0F4EA /* Assets.xcassets */ = {isa = PBXFileReference; lastKnownFileType = folder.assetcatalog; path = Assets.xcassets; sourceTree = "<group>"; };
		B928713E29BA165A00B0F4EA /* Preview Assets.xcassets */ = {isa = PBXFileReference; lastKnownFileType = folder.assetcatalog; path = "Preview Assets.xcassets"; sourceTree = "<group>"; };
		B928714429BA165A00B0F4EA /* ssopaTests.xctest */ = {isa = PBXFileReference; explicitFileType = wrapper.cfbundle; includeInIndex = 0; path = ssopaTests.xctest; sourceTree = BUILT_PRODUCTS_DIR; };
		B928714829BA165A00B0F4EA /* ssopaTests.swift */ = {isa = PBXFileReference; lastKnownFileType = sourcecode.swift; path = ssopaTests.swift; sourceTree = "<group>"; };
		B928714E29BA165A00B0F4EA /* ssopaUITests.xctest */ = {isa = PBXFileReference; explicitFileType = wrapper.cfbundle; includeInIndex = 0; path = ssopaUITests.xctest; sourceTree = BUILT_PRODUCTS_DIR; };
		B928715229BA165A00B0F4EA /* ssopaUITests.swift */ = {isa = PBXFileReference; lastKnownFileType = sourcecode.swift; path = ssopaUITests.swift; sourceTree = "<group>"; };
		B928715429BA165A00B0F4EA /* ssopaUITestsLaunchTests.swift */ = {isa = PBXFileReference; lastKnownFileType = sourcecode.swift; path = ssopaUITestsLaunchTests.swift; sourceTree = "<group>"; };
		B928716129BA27D700B0F4EA /* CircleImage.swift */ = {isa = PBXFileReference; lastKnownFileType = sourcecode.swift; path = CircleImage.swift; sourceTree = "<group>"; };
		B928716329BA313B00B0F4EA /* MapView.swift */ = {isa = PBXFileReference; lastKnownFileType = sourcecode.swift; path = MapView.swift; sourceTree = "<group>"; };
		B928E87929BA3481007408CD /* landmarkData.json */ = {isa = PBXFileReference; fileEncoding = 4; lastKnownFileType = text.json; path = landmarkData.json; sourceTree = "<group>"; };
		B928E87D29BA34B2007408CD /* Landmark.swift */ = {isa = PBXFileReference; lastKnownFileType = sourcecode.swift; path = Landmark.swift; sourceTree = "<group>"; };
		B928E87F29BA35E7007408CD /* ModelData.swift */ = {isa = PBXFileReference; lastKnownFileType = sourcecode.swift; path = ModelData.swift; sourceTree = "<group>"; };
		B9377D7329BB8C4200F2E3C0 /* PostList.swift */ = {isa = PBXFileReference; lastKnownFileType = sourcecode.swift; path = PostList.swift; sourceTree = "<group>"; };
		B940089F29BAFFF000ECE9E7 /* Info.plist */ = {isa = PBXFileReference; lastKnownFileType = text.plist; path = Info.plist; sourceTree = "<group>"; };
		B94008A029BB005900ECE9E7 /* Constants.swift */ = {isa = PBXFileReference; lastKnownFileType = sourcecode.swift; path = Constants.swift; sourceTree = "<group>"; };
		B94008A329BB00DB00ECE9E7 /* URLExtensions.swift */ = {isa = PBXFileReference; lastKnownFileType = sourcecode.swift; path = URLExtensions.swift; sourceTree = "<group>"; };
		B94008A529BB022900ECE9E7 /* CheckDuplicateEmailResponse.swift */ = {isa = PBXFileReference; lastKnownFileType = sourcecode.swift; path = CheckDuplicateEmailResponse.swift; sourceTree = "<group>"; };
		B94008A729BB052C00ECE9E7 /* Post.swift */ = {isa = PBXFileReference; lastKnownFileType = sourcecode.swift; path = Post.swift; sourceTree = "<group>"; };
		B94008AC29BB09CF00ECE9E7 /* PostDetailView.swift */ = {isa = PBXFileReference; lastKnownFileType = sourcecode.swift; path = PostDetailView.swift; sourceTree = "<group>"; };
		B94008AE29BB100600ECE9E7 /* CheckDupliatedEmailViewModel.swift */ = {isa = PBXFileReference; lastKnownFileType = sourcecode.swift; path = CheckDupliatedEmailViewModel.swift; sourceTree = "<group>"; };
		B94008B329BB384B00ECE9E7 /* getNicknameResponse.swift */ = {isa = PBXFileReference; lastKnownFileType = sourcecode.swift; path = getNicknameResponse.swift; sourceTree = "<group>"; };
		B94271B929BA3AC000FF4E9D /* LandmarkList.swift */ = {isa = PBXFileReference; lastKnownFileType = sourcecode.swift; path = LandmarkList.swift; sourceTree = "<group>"; };
		B94271BB29BA3BFA00FF4E9D /* LandmarkDetail.swift */ = {isa = PBXFileReference; lastKnownFileType = sourcecode.swift; path = LandmarkDetail.swift; sourceTree = "<group>"; };
		B94271BD29BA472900FF4E9D /* FavoriteButton.swift */ = {isa = PBXFileReference; lastKnownFileType = sourcecode.swift; path = FavoriteButton.swift; sourceTree = "<group>"; };
		B94271C229BA4E8C00FF4E9D /* LoginMain.swift */ = {isa = PBXFileReference; lastKnownFileType = sourcecode.swift; path = LoginMain.swift; sourceTree = "<group>"; };
		B94271C429BA50AB00FF4E9D /* LoginButton.swift */ = {isa = PBXFileReference; lastKnownFileType = sourcecode.swift; path = LoginButton.swift; sourceTree = "<group>"; };
		B94271C829BA557300FF4E9D /* ColorExtension.swift */ = {isa = PBXFileReference; lastKnownFileType = sourcecode.swift; path = ColorExtension.swift; sourceTree = "<group>"; };
		B94271CA29BA56EB00FF4E9D /* signupButton.swift */ = {isa = PBXFileReference; lastKnownFileType = sourcecode.swift; path = signupButton.swift; sourceTree = "<group>"; };
		B94271CC29BA5F9000FF4E9D /* UserProfile.swift */ = {isa = PBXFileReference; lastKnownFileType = sourcecode.swift; path = UserProfile.swift; sourceTree = "<group>"; };
		B94271CF29BA608A00FF4E9D /* ProfileHost.swift */ = {isa = PBXFileReference; lastKnownFileType = sourcecode.swift; path = ProfileHost.swift; sourceTree = "<group>"; };
		B94271D129BA611000FF4E9D /* ProfileSummary.swift */ = {isa = PBXFileReference; lastKnownFileType = sourcecode.swift; path = ProfileSummary.swift; sourceTree = "<group>"; };
		B94271D429BA633700FF4E9D /* Form.swift */ = {isa = PBXFileReference; lastKnownFileType = sourcecode.swift; path = Form.swift; sourceTree = "<group>"; };
		B94271D729BA6DD600FF4E9D /* HTTPClient.swift */ = {isa = PBXFileReference; lastKnownFileType = sourcecode.swift; path = HTTPClient.swift; sourceTree = "<group>"; };
		B9A904EA29BD6C5600E47E2F /* sendSmsResponse.swift */ = {isa = PBXFileReference; lastKnownFileType = sourcecode.swift; path = sendSmsResponse.swift; sourceTree = "<group>"; };
		B9A904EC29BEBFB900E47E2F /* signUpRequest.swift */ = {isa = PBXFileReference; lastKnownFileType = sourcecode.swift; path = signUpRequest.swift; sourceTree = "<group>"; };
		B9A904EE29BF332E00E47E2F /* signUpResponse.swift */ = {isa = PBXFileReference; lastKnownFileType = sourcecode.swift; path = signUpResponse.swift; sourceTree = "<group>"; };
		B9A904F029BF42CF00E47E2F /* loginRequest.swift */ = {isa = PBXFileReference; lastKnownFileType = sourcecode.swift; path = loginRequest.swift; sourceTree = "<group>"; };
		B9A904F229BF431B00E47E2F /* loginResponse.swift */ = {isa = PBXFileReference; lastKnownFileType = sourcecode.swift; path = loginResponse.swift; sourceTree = "<group>"; };
		B9A904F529BF458D00E47E2F /* KeyChain.swift */ = {isa = PBXFileReference; lastKnownFileType = sourcecode.swift; path = KeyChain.swift; sourceTree = "<group>"; };
		B9A904F729BF60ED00E47E2F /* writePostForm.swift */ = {isa = PBXFileReference; lastKnownFileType = sourcecode.swift; path = writePostForm.swift; sourceTree = "<group>"; };
		B9ABBEAA29BB78540072F603 /* postData.json */ = {isa = PBXFileReference; lastKnownFileType = text.json; path = postData.json; sourceTree = "<group>"; };
		B9ABBEAC29BB79950072F603 /* PostRow.swift */ = {isa = PBXFileReference; lastKnownFileType = sourcecode.swift; path = PostRow.swift; sourceTree = "<group>"; };
		B9E5997E29BA387700B32B5E /* LandmarkRow.swift */ = {isa = PBXFileReference; lastKnownFileType = sourcecode.swift; path = LandmarkRow.swift; sourceTree = "<group>"; };
/* End PBXFileReference section */

/* Begin PBXFrameworksBuildPhase section */
		B928713129BA165800B0F4EA /* Frameworks */ = {
			isa = PBXFrameworksBuildPhase;
			buildActionMask = 2147483647;
			files = (
			);
			runOnlyForDeploymentPostprocessing = 0;
		};
		B928714129BA165A00B0F4EA /* Frameworks */ = {
			isa = PBXFrameworksBuildPhase;
			buildActionMask = 2147483647;
			files = (
			);
			runOnlyForDeploymentPostprocessing = 0;
		};
		B928714B29BA165A00B0F4EA /* Frameworks */ = {
			isa = PBXFrameworksBuildPhase;
			buildActionMask = 2147483647;
			files = (
			);
			runOnlyForDeploymentPostprocessing = 0;
		};
/* End PBXFrameworksBuildPhase section */

/* Begin PBXGroup section */
		B928712B29BA165800B0F4EA = {
			isa = PBXGroup;
			children = (
				B928713629BA165800B0F4EA /* ssopa */,
				B928714729BA165A00B0F4EA /* ssopaTests */,
				B928715129BA165A00B0F4EA /* ssopaUITests */,
				B928713529BA165800B0F4EA /* Products */,
			);
			sourceTree = "<group>";
		};
		B928713529BA165800B0F4EA /* Products */ = {
			isa = PBXGroup;
			children = (
				B928713429BA165800B0F4EA /* ssopa.app */,
				B928714429BA165A00B0F4EA /* ssopaTests.xctest */,
				B928714E29BA165A00B0F4EA /* ssopaUITests.xctest */,
			);
			name = Products;
			sourceTree = "<group>";
		};
		B928713629BA165800B0F4EA /* ssopa */ = {
			isa = PBXGroup;
			children = (
				B9A904F429BF458100E47E2F /* Auth */,
				B940089F29BAFFF000ECE9E7 /* Info.plist */,
				B94271D629BA6DBF00FF4E9D /* API */,
				B928E88129BA3777007408CD /* Views */,
				B928E88329BA3790007408CD /* Resources */,
				B928713729BA165800B0F4EA /* ssopaApp.swift */,
				B928E88229BA3784007408CD /* Model */,
				B928713B29BA165A00B0F4EA /* Assets.xcassets */,
				B928713D29BA165A00B0F4EA /* Preview Content */,
			);
			path = ssopa;
			sourceTree = "<group>";
		};
		B928713D29BA165A00B0F4EA /* Preview Content */ = {
			isa = PBXGroup;
			children = (
				B928713E29BA165A00B0F4EA /* Preview Assets.xcassets */,
			);
			path = "Preview Content";
			sourceTree = "<group>";
		};
		B928714729BA165A00B0F4EA /* ssopaTests */ = {
			isa = PBXGroup;
			children = (
				B928714829BA165A00B0F4EA /* ssopaTests.swift */,
			);
			path = ssopaTests;
			sourceTree = "<group>";
		};
		B928715129BA165A00B0F4EA /* ssopaUITests */ = {
			isa = PBXGroup;
			children = (
				B928715229BA165A00B0F4EA /* ssopaUITests.swift */,
				B928715429BA165A00B0F4EA /* ssopaUITestsLaunchTests.swift */,
			);
			path = ssopaUITests;
			sourceTree = "<group>";
		};
		B928E88129BA3777007408CD /* Views */ = {
			isa = PBXGroup;
			children = (
				B9377D7529BB91BA00F2E3C0 /* Main */,
				B94008AB29BB09B700ECE9E7 /* Post */,
				B94271D329BA632400FF4E9D /* Signup */,
				B94271CE29BA607B00FF4E9D /* Profile */,
				B94271C129BA4E6B00FF4E9D /* Login */,
				B928713929BA165800B0F4EA /* ContentView.swift */,
				B94271C029BA48C300FF4E9D /* Helpers */,
				B94271BF29BA48A000FF4E9D /* Landmarks */,
			);
			path = Views;
			sourceTree = "<group>";
		};
		B928E88229BA3784007408CD /* Model */ = {
			isa = PBXGroup;
			children = (
				B928E87D29BA34B2007408CD /* Landmark.swift */,
				B928E87F29BA35E7007408CD /* ModelData.swift */,
				B94271CC29BA5F9000FF4E9D /* UserProfile.swift */,
				B94008A529BB022900ECE9E7 /* CheckDuplicateEmailResponse.swift */,
				B94008A729BB052C00ECE9E7 /* Post.swift */,
				B94008AE29BB100600ECE9E7 /* CheckDupliatedEmailViewModel.swift */,
				B94008B329BB384B00ECE9E7 /* getNicknameResponse.swift */,
				B9A904EA29BD6C5600E47E2F /* sendSmsResponse.swift */,
				B9A904EC29BEBFB900E47E2F /* signUpRequest.swift */,
				B9A904EE29BF332E00E47E2F /* signUpResponse.swift */,
				B9A904F029BF42CF00E47E2F /* loginRequest.swift */,
				B9A904F229BF431B00E47E2F /* loginResponse.swift */,
			);
			path = Model;
			sourceTree = "<group>";
		};
		B928E88329BA3790007408CD /* Resources */ = {
			isa = PBXGroup;
			children = (
				B928E87929BA3481007408CD /* landmarkData.json */,
				B9ABBEAA29BB78540072F603 /* postData.json */,
			);
			path = Resources;
			sourceTree = "<group>";
		};
		B9377D7529BB91BA00F2E3C0 /* Main */ = {
			isa = PBXGroup;
			children = (
			);
			path = Main;
			sourceTree = "<group>";
		};
		B94008A229BB00C400ECE9E7 /* Extensions */ = {
			isa = PBXGroup;
			children = (
				B94008A329BB00DB00ECE9E7 /* URLExtensions.swift */,
			);
			path = Extensions;
			sourceTree = "<group>";
		};
		B94008AB29BB09B700ECE9E7 /* Post */ = {
			isa = PBXGroup;
			children = (
				B94008AC29BB09CF00ECE9E7 /* PostDetailView.swift */,
				B9ABBEAC29BB79950072F603 /* PostRow.swift */,
				B9377D7329BB8C4200F2E3C0 /* PostList.swift */,
				B9A904F729BF60ED00E47E2F /* writePostForm.swift */,
			);
			path = Post;
			sourceTree = "<group>";
		};
		B94271BF29BA48A000FF4E9D /* Landmarks */ = {
			isa = PBXGroup;
			children = (
				B9E5997E29BA387700B32B5E /* LandmarkRow.swift */,
				B94271B929BA3AC000FF4E9D /* LandmarkList.swift */,
				B94271BB29BA3BFA00FF4E9D /* LandmarkDetail.swift */,
			);
			path = Landmarks;
			sourceTree = "<group>";
		};
		B94271C029BA48C300FF4E9D /* Helpers */ = {
			isa = PBXGroup;
			children = (
				B928716129BA27D700B0F4EA /* CircleImage.swift */,
				B928716329BA313B00B0F4EA /* MapView.swift */,
				B94271BD29BA472900FF4E9D /* FavoriteButton.swift */,
				B94271C829BA557300FF4E9D /* ColorExtension.swift */,
			);
			path = Helpers;
			sourceTree = "<group>";
		};
		B94271C129BA4E6B00FF4E9D /* Login */ = {
			isa = PBXGroup;
			children = (
				B94271C229BA4E8C00FF4E9D /* LoginMain.swift */,
				B94271C429BA50AB00FF4E9D /* LoginButton.swift */,
				B94271CA29BA56EB00FF4E9D /* signupButton.swift */,
			);
			path = Login;
			sourceTree = "<group>";
		};
		B94271CE29BA607B00FF4E9D /* Profile */ = {
			isa = PBXGroup;
			children = (
				B94271CF29BA608A00FF4E9D /* ProfileHost.swift */,
				B94271D129BA611000FF4E9D /* ProfileSummary.swift */,
			);
			path = Profile;
			sourceTree = "<group>";
		};
		B94271D329BA632400FF4E9D /* Signup */ = {
			isa = PBXGroup;
			children = (
				B94271D429BA633700FF4E9D /* Form.swift */,
			);
			path = Signup;
			sourceTree = "<group>";
		};
		B94271D629BA6DBF00FF4E9D /* API */ = {
			isa = PBXGroup;
			children = (
				B94008A229BB00C400ECE9E7 /* Extensions */,
				B94271D729BA6DD600FF4E9D /* HTTPClient.swift */,
				B94008A029BB005900ECE9E7 /* Constants.swift */,
			);
			path = API;
			sourceTree = "<group>";
		};
		B9A904F429BF458100E47E2F /* Auth */ = {
			isa = PBXGroup;
			children = (
				B9A904F529BF458D00E47E2F /* KeyChain.swift */,
			);
			path = Auth;
			sourceTree = "<group>";
		};
/* End PBXGroup section */

/* Begin PBXNativeTarget section */
		B928713329BA165800B0F4EA /* ssopa */ = {
			isa = PBXNativeTarget;
			buildConfigurationList = B928715829BA165A00B0F4EA /* Build configuration list for PBXNativeTarget "ssopa" */;
			buildPhases = (
				B928713029BA165800B0F4EA /* Sources */,
				B928713129BA165800B0F4EA /* Frameworks */,
				B928713229BA165800B0F4EA /* Resources */,
			);
			buildRules = (
			);
			dependencies = (
			);
			name = ssopa;
			productName = ssopa;
			productReference = B928713429BA165800B0F4EA /* ssopa.app */;
			productType = "com.apple.product-type.application";
		};
		B928714329BA165A00B0F4EA /* ssopaTests */ = {
			isa = PBXNativeTarget;
			buildConfigurationList = B928715B29BA165A00B0F4EA /* Build configuration list for PBXNativeTarget "ssopaTests" */;
			buildPhases = (
				B928714029BA165A00B0F4EA /* Sources */,
				B928714129BA165A00B0F4EA /* Frameworks */,
				B928714229BA165A00B0F4EA /* Resources */,
			);
			buildRules = (
			);
			dependencies = (
				B928714629BA165A00B0F4EA /* PBXTargetDependency */,
			);
			name = ssopaTests;
			productName = ssopaTests;
			productReference = B928714429BA165A00B0F4EA /* ssopaTests.xctest */;
			productType = "com.apple.product-type.bundle.unit-test";
		};
		B928714D29BA165A00B0F4EA /* ssopaUITests */ = {
			isa = PBXNativeTarget;
			buildConfigurationList = B928715E29BA165A00B0F4EA /* Build configuration list for PBXNativeTarget "ssopaUITests" */;
			buildPhases = (
				B928714A29BA165A00B0F4EA /* Sources */,
				B928714B29BA165A00B0F4EA /* Frameworks */,
				B928714C29BA165A00B0F4EA /* Resources */,
			);
			buildRules = (
			);
			dependencies = (
				B928715029BA165A00B0F4EA /* PBXTargetDependency */,
			);
			name = ssopaUITests;
			productName = ssopaUITests;
			productReference = B928714E29BA165A00B0F4EA /* ssopaUITests.xctest */;
			productType = "com.apple.product-type.bundle.ui-testing";
		};
/* End PBXNativeTarget section */

/* Begin PBXProject section */
		B928712C29BA165800B0F4EA /* Project object */ = {
			isa = PBXProject;
			attributes = {
				BuildIndependentTargetsInParallel = 1;
				LastSwiftUpdateCheck = 1420;
				LastUpgradeCheck = 1420;
				TargetAttributes = {
					B928713329BA165800B0F4EA = {
						CreatedOnToolsVersion = 14.2;
					};
					B928714329BA165A00B0F4EA = {
						CreatedOnToolsVersion = 14.2;
						TestTargetID = B928713329BA165800B0F4EA;
					};
					B928714D29BA165A00B0F4EA = {
						CreatedOnToolsVersion = 14.2;
						TestTargetID = B928713329BA165800B0F4EA;
					};
				};
			};
			buildConfigurationList = B928712F29BA165800B0F4EA /* Build configuration list for PBXProject "ssopa" */;
			compatibilityVersion = "Xcode 14.0";
			developmentRegion = en;
			hasScannedForEncodings = 0;
			knownRegions = (
				en,
				Base,
			);
			mainGroup = B928712B29BA165800B0F4EA;
			productRefGroup = B928713529BA165800B0F4EA /* Products */;
			projectDirPath = "";
			projectRoot = "";
			targets = (
				B928713329BA165800B0F4EA /* ssopa */,
				B928714329BA165A00B0F4EA /* ssopaTests */,
				B928714D29BA165A00B0F4EA /* ssopaUITests */,
			);
		};
/* End PBXProject section */

/* Begin PBXResourcesBuildPhase section */
		B928713229BA165800B0F4EA /* Resources */ = {
			isa = PBXResourcesBuildPhase;
			buildActionMask = 2147483647;
			files = (
				B928713F29BA165A00B0F4EA /* Preview Assets.xcassets in Resources */,
				B9ABBEAB29BB78540072F603 /* postData.json in Resources */,
				B928713C29BA165A00B0F4EA /* Assets.xcassets in Resources */,
				B928E87A29BA3481007408CD /* landmarkData.json in Resources */,
			);
			runOnlyForDeploymentPostprocessing = 0;
		};
		B928714229BA165A00B0F4EA /* Resources */ = {
			isa = PBXResourcesBuildPhase;
			buildActionMask = 2147483647;
			files = (
			);
			runOnlyForDeploymentPostprocessing = 0;
		};
		B928714C29BA165A00B0F4EA /* Resources */ = {
			isa = PBXResourcesBuildPhase;
			buildActionMask = 2147483647;
			files = (
			);
			runOnlyForDeploymentPostprocessing = 0;
		};
/* End PBXResourcesBuildPhase section */

/* Begin PBXSourcesBuildPhase section */
		B928713029BA165800B0F4EA /* Sources */ = {
			isa = PBXSourcesBuildPhase;
			buildActionMask = 2147483647;
			files = (
				B9A904F129BF42CF00E47E2F /* loginRequest.swift in Sources */,
				B94271D029BA608A00FF4E9D /* ProfileHost.swift in Sources */,
				B928713A29BA165800B0F4EA /* ContentView.swift in Sources */,
				B9A904F829BF60ED00E47E2F /* writePostForm.swift in Sources */,
				B94271D229BA611000FF4E9D /* ProfileSummary.swift in Sources */,
				B9A904F329BF431B00E47E2F /* loginResponse.swift in Sources */,
				B94271C529BA50AB00FF4E9D /* LoginButton.swift in Sources */,
				B94271D529BA633700FF4E9D /* Form.swift in Sources */,
				B94271D829BA6DD600FF4E9D /* HTTPClient.swift in Sources */,
				B94008A629BB022900ECE9E7 /* CheckDuplicateEmailResponse.swift in Sources */,
				B94008B429BB384B00ECE9E7 /* getNicknameResponse.swift in Sources */,
				B9ABBEAD29BB79950072F603 /* PostRow.swift in Sources */,
				B928716429BA313C00B0F4EA /* MapView.swift in Sources */,
				B94008AF29BB100600ECE9E7 /* CheckDupliatedEmailViewModel.swift in Sources */,
				B94008A429BB00DB00ECE9E7 /* URLExtensions.swift in Sources */,
				B928713829BA165800B0F4EA /* ssopaApp.swift in Sources */,
				B94271BE29BA472900FF4E9D /* FavoriteButton.swift in Sources */,
				B94271C929BA557300FF4E9D /* ColorExtension.swift in Sources */,
				B9A904ED29BEBFB900E47E2F /* signUpRequest.swift in Sources */,
				B94008A829BB052C00ECE9E7 /* Post.swift in Sources */,
				B94271BA29BA3AC000FF4E9D /* LandmarkList.swift in Sources */,
				B94271BC29BA3BFA00FF4E9D /* LandmarkDetail.swift in Sources */,
				B9A904EF29BF332E00E47E2F /* signUpResponse.swift in Sources */,
				B94271CB29BA56EB00FF4E9D /* signupButton.swift in Sources */,
				B928716229BA27D700B0F4EA /* CircleImage.swift in Sources */,
				B928E87E29BA34B2007408CD /* Landmark.swift in Sources */,
				B94008A129BB005900ECE9E7 /* Constants.swift in Sources */,
				B94271CD29BA5F9000FF4E9D /* UserProfile.swift in Sources */,
				B9377D7429BB8C4200F2E3C0 /* PostList.swift in Sources */,
				B94008AD29BB09CF00ECE9E7 /* PostDetailView.swift in Sources */,
				B9A904EB29BD6C5600E47E2F /* sendSmsResponse.swift in Sources */,
				B9E5997F29BA387700B32B5E /* LandmarkRow.swift in Sources */,
				B9A904F629BF458D00E47E2F /* KeyChain.swift in Sources */,
				B928E88029BA35E7007408CD /* ModelData.swift in Sources */,
				B94271C329BA4E8C00FF4E9D /* LoginMain.swift in Sources */,
			);
			runOnlyForDeploymentPostprocessing = 0;
		};
		B928714029BA165A00B0F4EA /* Sources */ = {
			isa = PBXSourcesBuildPhase;
			buildActionMask = 2147483647;
			files = (
				B928714929BA165A00B0F4EA /* ssopaTests.swift in Sources */,
			);
			runOnlyForDeploymentPostprocessing = 0;
		};
		B928714A29BA165A00B0F4EA /* Sources */ = {
			isa = PBXSourcesBuildPhase;
			buildActionMask = 2147483647;
			files = (
				B928715329BA165A00B0F4EA /* ssopaUITests.swift in Sources */,
				B928715529BA165A00B0F4EA /* ssopaUITestsLaunchTests.swift in Sources */,
			);
			runOnlyForDeploymentPostprocessing = 0;
		};
/* End PBXSourcesBuildPhase section */

/* Begin PBXTargetDependency section */
		B928714629BA165A00B0F4EA /* PBXTargetDependency */ = {
			isa = PBXTargetDependency;
			target = B928713329BA165800B0F4EA /* ssopa */;
			targetProxy = B928714529BA165A00B0F4EA /* PBXContainerItemProxy */;
		};
		B928715029BA165A00B0F4EA /* PBXTargetDependency */ = {
			isa = PBXTargetDependency;
			target = B928713329BA165800B0F4EA /* ssopa */;
			targetProxy = B928714F29BA165A00B0F4EA /* PBXContainerItemProxy */;
		};
/* End PBXTargetDependency section */

/* Begin XCBuildConfiguration section */
		B928715629BA165A00B0F4EA /* Debug */ = {
			isa = XCBuildConfiguration;
			buildSettings = {
				ALWAYS_SEARCH_USER_PATHS = NO;
				CLANG_ANALYZER_NONNULL = YES;
				CLANG_ANALYZER_NUMBER_OBJECT_CONVERSION = YES_AGGRESSIVE;
				CLANG_CXX_LANGUAGE_STANDARD = "gnu++20";
				CLANG_ENABLE_MODULES = YES;
				CLANG_ENABLE_OBJC_ARC = YES;
				CLANG_ENABLE_OBJC_WEAK = YES;
				CLANG_WARN_BLOCK_CAPTURE_AUTORELEASING = YES;
				CLANG_WARN_BOOL_CONVERSION = YES;
				CLANG_WARN_COMMA = YES;
				CLANG_WARN_CONSTANT_CONVERSION = YES;
				CLANG_WARN_DEPRECATED_OBJC_IMPLEMENTATIONS = YES;
				CLANG_WARN_DIRECT_OBJC_ISA_USAGE = YES_ERROR;
				CLANG_WARN_DOCUMENTATION_COMMENTS = YES;
				CLANG_WARN_EMPTY_BODY = YES;
				CLANG_WARN_ENUM_CONVERSION = YES;
				CLANG_WARN_INFINITE_RECURSION = YES;
				CLANG_WARN_INT_CONVERSION = YES;
				CLANG_WARN_NON_LITERAL_NULL_CONVERSION = YES;
				CLANG_WARN_OBJC_IMPLICIT_RETAIN_SELF = YES;
				CLANG_WARN_OBJC_LITERAL_CONVERSION = YES;
				CLANG_WARN_OBJC_ROOT_CLASS = YES_ERROR;
				CLANG_WARN_QUOTED_INCLUDE_IN_FRAMEWORK_HEADER = YES;
				CLANG_WARN_RANGE_LOOP_ANALYSIS = YES;
				CLANG_WARN_STRICT_PROTOTYPES = YES;
				CLANG_WARN_SUSPICIOUS_MOVE = YES;
				CLANG_WARN_UNGUARDED_AVAILABILITY = YES_AGGRESSIVE;
				CLANG_WARN_UNREACHABLE_CODE = YES;
				CLANG_WARN__DUPLICATE_METHOD_MATCH = YES;
				COPY_PHASE_STRIP = NO;
				DEBUG_INFORMATION_FORMAT = dwarf;
				ENABLE_STRICT_OBJC_MSGSEND = YES;
				ENABLE_TESTABILITY = YES;
				GCC_C_LANGUAGE_STANDARD = gnu11;
				GCC_DYNAMIC_NO_PIC = NO;
				GCC_NO_COMMON_BLOCKS = YES;
				GCC_OPTIMIZATION_LEVEL = 0;
				GCC_PREPROCESSOR_DEFINITIONS = (
					"DEBUG=1",
					"$(inherited)",
				);
				GCC_WARN_64_TO_32_BIT_CONVERSION = YES;
				GCC_WARN_ABOUT_RETURN_TYPE = YES_ERROR;
				GCC_WARN_UNDECLARED_SELECTOR = YES;
				GCC_WARN_UNINITIALIZED_AUTOS = YES_AGGRESSIVE;
				GCC_WARN_UNUSED_FUNCTION = YES;
				GCC_WARN_UNUSED_VARIABLE = YES;
				IPHONEOS_DEPLOYMENT_TARGET = 16.0;
				MTL_ENABLE_DEBUG_INFO = INCLUDE_SOURCE;
				MTL_FAST_MATH = YES;
				ONLY_ACTIVE_ARCH = YES;
				SDKROOT = iphoneos;
				SWIFT_ACTIVE_COMPILATION_CONDITIONS = DEBUG;
				SWIFT_OPTIMIZATION_LEVEL = "-Onone";
			};
			name = Debug;
		};
		B928715729BA165A00B0F4EA /* Release */ = {
			isa = XCBuildConfiguration;
			buildSettings = {
				ALWAYS_SEARCH_USER_PATHS = NO;
				CLANG_ANALYZER_NONNULL = YES;
				CLANG_ANALYZER_NUMBER_OBJECT_CONVERSION = YES_AGGRESSIVE;
				CLANG_CXX_LANGUAGE_STANDARD = "gnu++20";
				CLANG_ENABLE_MODULES = YES;
				CLANG_ENABLE_OBJC_ARC = YES;
				CLANG_ENABLE_OBJC_WEAK = YES;
				CLANG_WARN_BLOCK_CAPTURE_AUTORELEASING = YES;
				CLANG_WARN_BOOL_CONVERSION = YES;
				CLANG_WARN_COMMA = YES;
				CLANG_WARN_CONSTANT_CONVERSION = YES;
				CLANG_WARN_DEPRECATED_OBJC_IMPLEMENTATIONS = YES;
				CLANG_WARN_DIRECT_OBJC_ISA_USAGE = YES_ERROR;
				CLANG_WARN_DOCUMENTATION_COMMENTS = YES;
				CLANG_WARN_EMPTY_BODY = YES;
				CLANG_WARN_ENUM_CONVERSION = YES;
				CLANG_WARN_INFINITE_RECURSION = YES;
				CLANG_WARN_INT_CONVERSION = YES;
				CLANG_WARN_NON_LITERAL_NULL_CONVERSION = YES;
				CLANG_WARN_OBJC_IMPLICIT_RETAIN_SELF = YES;
				CLANG_WARN_OBJC_LITERAL_CONVERSION = YES;
				CLANG_WARN_OBJC_ROOT_CLASS = YES_ERROR;
				CLANG_WARN_QUOTED_INCLUDE_IN_FRAMEWORK_HEADER = YES;
				CLANG_WARN_RANGE_LOOP_ANALYSIS = YES;
				CLANG_WARN_STRICT_PROTOTYPES = YES;
				CLANG_WARN_SUSPICIOUS_MOVE = YES;
				CLANG_WARN_UNGUARDED_AVAILABILITY = YES_AGGRESSIVE;
				CLANG_WARN_UNREACHABLE_CODE = YES;
				CLANG_WARN__DUPLICATE_METHOD_MATCH = YES;
				COPY_PHASE_STRIP = NO;
				DEBUG_INFORMATION_FORMAT = "dwarf-with-dsym";
				ENABLE_NS_ASSERTIONS = NO;
				ENABLE_STRICT_OBJC_MSGSEND = YES;
				GCC_C_LANGUAGE_STANDARD = gnu11;
				GCC_NO_COMMON_BLOCKS = YES;
				GCC_WARN_64_TO_32_BIT_CONVERSION = YES;
				GCC_WARN_ABOUT_RETURN_TYPE = YES_ERROR;
				GCC_WARN_UNDECLARED_SELECTOR = YES;
				GCC_WARN_UNINITIALIZED_AUTOS = YES_AGGRESSIVE;
				GCC_WARN_UNUSED_FUNCTION = YES;
				GCC_WARN_UNUSED_VARIABLE = YES;
				IPHONEOS_DEPLOYMENT_TARGET = 16.0;
				MTL_ENABLE_DEBUG_INFO = NO;
				MTL_FAST_MATH = YES;
				SDKROOT = iphoneos;
				SWIFT_COMPILATION_MODE = wholemodule;
				SWIFT_OPTIMIZATION_LEVEL = "-O";
				VALIDATE_PRODUCT = YES;
			};
			name = Release;
		};
		B928715929BA165A00B0F4EA /* Debug */ = {
			isa = XCBuildConfiguration;
			buildSettings = {
				ASSETCATALOG_COMPILER_APPICON_NAME = AppIcon;
				ASSETCATALOG_COMPILER_GLOBAL_ACCENT_COLOR_NAME = AccentColor;
				ASSETCATALOG_COMPILER_INCLUDE_ALL_APPICON_ASSETS = YES;
				CODE_SIGN_STYLE = Automatic;
				CURRENT_PROJECT_VERSION = 1;
				DEVELOPMENT_ASSET_PATHS = "\"ssopa/Preview Content\"";
				DEVELOPMENT_TEAM = CFQ4ZSUWR7;
				ENABLE_PREVIEWS = YES;
				GENERATE_INFOPLIST_FILE = YES;
				INFOPLIST_FILE = ssopa/Info.plist;
				INFOPLIST_KEY_CFBundleDisplayName = ssopa;
				INFOPLIST_KEY_LSApplicationCategoryType = "public.app-category.social-networking";
				INFOPLIST_KEY_UIApplicationSceneManifest_Generation = YES;
				INFOPLIST_KEY_UIApplicationSupportsIndirectInputEvents = YES;
				INFOPLIST_KEY_UILaunchScreen_Generation = YES;
				INFOPLIST_KEY_UISupportedInterfaceOrientations_iPad = "UIInterfaceOrientationPortrait UIInterfaceOrientationPortraitUpsideDown UIInterfaceOrientationLandscapeLeft UIInterfaceOrientationLandscapeRight";
				INFOPLIST_KEY_UISupportedInterfaceOrientations_iPhone = UIInterfaceOrientationPortrait;
				IPHONEOS_DEPLOYMENT_TARGET = 16.0;
				LD_RUNPATH_SEARCH_PATHS = (
					"$(inherited)",
					"@executable_path/Frameworks",
				);
				MARKETING_VERSION = 1.0;
				PRODUCT_BUNDLE_IDENTIFIER = dmz.ssopa;
				PRODUCT_NAME = "$(TARGET_NAME)";
				SWIFT_EMIT_LOC_STRINGS = YES;
				SWIFT_VERSION = 5.0;
				TARGETED_DEVICE_FAMILY = "1,2";
			};
			name = Debug;
		};
		B928715A29BA165A00B0F4EA /* Release */ = {
			isa = XCBuildConfiguration;
			buildSettings = {
				ASSETCATALOG_COMPILER_APPICON_NAME = AppIcon;
				ASSETCATALOG_COMPILER_GLOBAL_ACCENT_COLOR_NAME = AccentColor;
				ASSETCATALOG_COMPILER_INCLUDE_ALL_APPICON_ASSETS = YES;
				CODE_SIGN_STYLE = Automatic;
				CURRENT_PROJECT_VERSION = 1;
				DEVELOPMENT_ASSET_PATHS = "\"ssopa/Preview Content\"";
				DEVELOPMENT_TEAM = CFQ4ZSUWR7;
				ENABLE_PREVIEWS = YES;
				GENERATE_INFOPLIST_FILE = YES;
				INFOPLIST_FILE = ssopa/Info.plist;
				INFOPLIST_KEY_CFBundleDisplayName = ssopa;
				INFOPLIST_KEY_LSApplicationCategoryType = "public.app-category.social-networking";
				INFOPLIST_KEY_UIApplicationSceneManifest_Generation = YES;
				INFOPLIST_KEY_UIApplicationSupportsIndirectInputEvents = YES;
				INFOPLIST_KEY_UILaunchScreen_Generation = YES;
				INFOPLIST_KEY_UISupportedInterfaceOrientations_iPad = "UIInterfaceOrientationPortrait UIInterfaceOrientationPortraitUpsideDown UIInterfaceOrientationLandscapeLeft UIInterfaceOrientationLandscapeRight";
				INFOPLIST_KEY_UISupportedInterfaceOrientations_iPhone = UIInterfaceOrientationPortrait;
				IPHONEOS_DEPLOYMENT_TARGET = 16.0;
				LD_RUNPATH_SEARCH_PATHS = (
					"$(inherited)",
					"@executable_path/Frameworks",
				);
				MARKETING_VERSION = 1.0;
				PRODUCT_BUNDLE_IDENTIFIER = dmz.ssopa;
				PRODUCT_NAME = "$(TARGET_NAME)";
				SWIFT_EMIT_LOC_STRINGS = YES;
				SWIFT_VERSION = 5.0;
				TARGETED_DEVICE_FAMILY = "1,2";
			};
			name = Release;
		};
		B928715C29BA165A00B0F4EA /* Debug */ = {
			isa = XCBuildConfiguration;
			buildSettings = {
				ALWAYS_EMBED_SWIFT_STANDARD_LIBRARIES = YES;
				BUNDLE_LOADER = "$(TEST_HOST)";
				CODE_SIGN_STYLE = Automatic;
				CURRENT_PROJECT_VERSION = 1;
				DEVELOPMENT_TEAM = CFQ4ZSUWR7;
				GENERATE_INFOPLIST_FILE = YES;
				IPHONEOS_DEPLOYMENT_TARGET = 16.2;
				MARKETING_VERSION = 1.0;
				PRODUCT_BUNDLE_IDENTIFIER = dmz.ssopaTests;
				PRODUCT_NAME = "$(TARGET_NAME)";
				SWIFT_EMIT_LOC_STRINGS = NO;
				SWIFT_VERSION = 5.0;
				TARGETED_DEVICE_FAMILY = "1,2";
				TEST_HOST = "$(BUILT_PRODUCTS_DIR)/ssopa.app/$(BUNDLE_EXECUTABLE_FOLDER_PATH)/ssopa";
			};
			name = Debug;
		};
		B928715D29BA165A00B0F4EA /* Release */ = {
			isa = XCBuildConfiguration;
			buildSettings = {
				ALWAYS_EMBED_SWIFT_STANDARD_LIBRARIES = YES;
				BUNDLE_LOADER = "$(TEST_HOST)";
				CODE_SIGN_STYLE = Automatic;
				CURRENT_PROJECT_VERSION = 1;
				DEVELOPMENT_TEAM = CFQ4ZSUWR7;
				GENERATE_INFOPLIST_FILE = YES;
				IPHONEOS_DEPLOYMENT_TARGET = 16.2;
				MARKETING_VERSION = 1.0;
				PRODUCT_BUNDLE_IDENTIFIER = dmz.ssopaTests;
				PRODUCT_NAME = "$(TARGET_NAME)";
				SWIFT_EMIT_LOC_STRINGS = NO;
				SWIFT_VERSION = 5.0;
				TARGETED_DEVICE_FAMILY = "1,2";
				TEST_HOST = "$(BUILT_PRODUCTS_DIR)/ssopa.app/$(BUNDLE_EXECUTABLE_FOLDER_PATH)/ssopa";
			};
			name = Release;
		};
		B928715F29BA165A00B0F4EA /* Debug */ = {
			isa = XCBuildConfiguration;
			buildSettings = {
				ALWAYS_EMBED_SWIFT_STANDARD_LIBRARIES = YES;
				CODE_SIGN_STYLE = Automatic;
				CURRENT_PROJECT_VERSION = 1;
				DEVELOPMENT_TEAM = CFQ4ZSUWR7;
				GENERATE_INFOPLIST_FILE = YES;
				MARKETING_VERSION = 1.0;
				PRODUCT_BUNDLE_IDENTIFIER = dmz.ssopaUITests;
				PRODUCT_NAME = "$(TARGET_NAME)";
				SWIFT_EMIT_LOC_STRINGS = NO;
				SWIFT_VERSION = 5.0;
				TARGETED_DEVICE_FAMILY = "1,2";
				TEST_TARGET_NAME = ssopa;
			};
			name = Debug;
		};
		B928716029BA165A00B0F4EA /* Release */ = {
			isa = XCBuildConfiguration;
			buildSettings = {
				ALWAYS_EMBED_SWIFT_STANDARD_LIBRARIES = YES;
				CODE_SIGN_STYLE = Automatic;
				CURRENT_PROJECT_VERSION = 1;
				DEVELOPMENT_TEAM = CFQ4ZSUWR7;
				GENERATE_INFOPLIST_FILE = YES;
				MARKETING_VERSION = 1.0;
				PRODUCT_BUNDLE_IDENTIFIER = dmz.ssopaUITests;
				PRODUCT_NAME = "$(TARGET_NAME)";
				SWIFT_EMIT_LOC_STRINGS = NO;
				SWIFT_VERSION = 5.0;
				TARGETED_DEVICE_FAMILY = "1,2";
				TEST_TARGET_NAME = ssopa;
			};
			name = Release;
		};
/* End XCBuildConfiguration section */

/* Begin XCConfigurationList section */
		B928712F29BA165800B0F4EA /* Build configuration list for PBXProject "ssopa" */ = {
			isa = XCConfigurationList;
			buildConfigurations = (
				B928715629BA165A00B0F4EA /* Debug */,
				B928715729BA165A00B0F4EA /* Release */,
			);
			defaultConfigurationIsVisible = 0;
			defaultConfigurationName = Release;
		};
		B928715829BA165A00B0F4EA /* Build configuration list for PBXNativeTarget "ssopa" */ = {
			isa = XCConfigurationList;
			buildConfigurations = (
				B928715929BA165A00B0F4EA /* Debug */,
				B928715A29BA165A00B0F4EA /* Release */,
			);
			defaultConfigurationIsVisible = 0;
			defaultConfigurationName = Release;
		};
		B928715B29BA165A00B0F4EA /* Build configuration list for PBXNativeTarget "ssopaTests" */ = {
			isa = XCConfigurationList;
			buildConfigurations = (
				B928715C29BA165A00B0F4EA /* Debug */,
				B928715D29BA165A00B0F4EA /* Release */,
			);
			defaultConfigurationIsVisible = 0;
			defaultConfigurationName = Release;
		};
		B928715E29BA165A00B0F4EA /* Build configuration list for PBXNativeTarget "ssopaUITests" */ = {
			isa = XCConfigurationList;
			buildConfigurations = (
				B928715F29BA165A00B0F4EA /* Debug */,
				B928716029BA165A00B0F4EA /* Release */,
			);
			defaultConfigurationIsVisible = 0;
			defaultConfigurationName = Release;
		};
/* End XCConfigurationList section */
	};
	rootObject = B928712C29BA165800B0F4EA /* Project object */;
}
